// !$*UTF8*$!
{
	archiveVersion = 1;
	classes = {
	};
	objectVersion = 46;
	objects = {

/* Begin PBXBuildFile section */
		C4660E63161F118B00BA4AFE /* ColorHexCode.m in Sources */ = {isa = PBXBuildFile; fileRef = C4660E62161F118B00BA4AFE /* ColorHexCode.m */; };
		C4660EB61625047800BA4AFE /* delete_button.png in Resources */ = {isa = PBXBuildFile; fileRef = C4660EA11625047800BA4AFE /* delete_button.png */; };
		C4660EB71625047800BA4AFE /* exit_btnB_144.png in Resources */ = {isa = PBXBuildFile; fileRef = C4660EA21625047800BA4AFE /* exit_btnB_144.png */; };
		C4660EB81625047800BA4AFE /* exit_btnB.png in Resources */ = {isa = PBXBuildFile; fileRef = C4660EA31625047800BA4AFE /* exit_btnB.png */; };
		C4660EB91625047800BA4AFE /* home_144.png in Resources */ = {isa = PBXBuildFile; fileRef = C4660EA41625047800BA4AFE /* home_144.png */; };
		C4660EBA1625047800BA4AFE /* home_btn.png in Resources */ = {isa = PBXBuildFile; fileRef = C4660EA51625047800BA4AFE /* home_btn.png */; };
		C4660EBB1625047800BA4AFE /* prospect_100.png in Resources */ = {isa = PBXBuildFile; fileRef = C4660EA61625047800BA4AFE /* prospect_100.png */; };
		C4660EBC1625047800BA4AFE /* prospect_btnB_144.png in Resources */ = {isa = PBXBuildFile; fileRef = C4660EA71625047800BA4AFE /* prospect_btnB_144.png */; };
		C4660EBD1625047800BA4AFE /* prospect_btnB.png in Resources */ = {isa = PBXBuildFile; fileRef = C4660EA81625047800BA4AFE /* prospect_btnB.png */; };
		C4660EBE1625047800BA4AFE /* prospect_btnB2_144.png in Resources */ = {isa = PBXBuildFile; fileRef = C4660EA91625047800BA4AFE /* prospect_btnB2_144.png */; };
		C4660EBF1625047800BA4AFE /* prospect_btnB2.png in Resources */ = {isa = PBXBuildFile; fileRef = C4660EAA1625047800BA4AFE /* prospect_btnB2.png */; };
		C4660EC01625047800BA4AFE /* prospect.png in Resources */ = {isa = PBXBuildFile; fileRef = C4660EAB1625047800BA4AFE /* prospect.png */; };
		C4660EC11625047800BA4AFE /* setting_btnB_144.png in Resources */ = {isa = PBXBuildFile; fileRef = C4660EAC1625047800BA4AFE /* setting_btnB_144.png */; };
		C4660EC21625047800BA4AFE /* setting_btnB.png in Resources */ = {isa = PBXBuildFile; fileRef = C4660EAD1625047800BA4AFE /* setting_btnB.png */; };
		C4660EC31625047800BA4AFE /* setting_btnB2_144.png in Resources */ = {isa = PBXBuildFile; fileRef = C4660EAE1625047800BA4AFE /* setting_btnB2_144.png */; };
		C4660EC41625047800BA4AFE /* setting_btnB2.png in Resources */ = {isa = PBXBuildFile; fileRef = C4660EAF1625047800BA4AFE /* setting_btnB2.png */; };
		C4660EC51625047800BA4AFE /* SI_button_144.png in Resources */ = {isa = PBXBuildFile; fileRef = C4660EB01625047800BA4AFE /* SI_button_144.png */; };
		C4660EC61625047800BA4AFE /* SI_button.png in Resources */ = {isa = PBXBuildFile; fileRef = C4660EB11625047800BA4AFE /* SI_button.png */; };
		C4660EC71625047800BA4AFE /* SI_button2_144.png in Resources */ = {isa = PBXBuildFile; fileRef = C4660EB21625047800BA4AFE /* SI_button2_144.png */; };
		C4660EC81625047800BA4AFE /* SI_button2.png in Resources */ = {isa = PBXBuildFile; fileRef = C4660EB31625047800BA4AFE /* SI_button2.png */; };
		C4660EC91625047800BA4AFE /* SI_buttonB_144.png in Resources */ = {isa = PBXBuildFile; fileRef = C4660EB41625047800BA4AFE /* SI_buttonB_144.png */; };
		C4660ECA1625047800BA4AFE /* SI_buttonB.png in Resources */ = {isa = PBXBuildFile; fileRef = C4660EB51625047800BA4AFE /* SI_buttonB.png */; };
		C4660EEA1625997D00BA4AFE /* iCarousel.m in Sources */ = {isa = PBXBuildFile; fileRef = C4660EE91625997D00BA4AFE /* iCarousel.m */; };
		C4660EED16259AD700BA4AFE /* CarouselViewController.m in Sources */ = {isa = PBXBuildFile; fileRef = C4660EEC16259AD600BA4AFE /* CarouselViewController.m */; };
		C486D9C7163E5319009F8F21 /* btn_exit.png in Resources */ = {isa = PBXBuildFile; fileRef = C486D9BF163E5319009F8F21 /* btn_exit.png */; };
		C486D9C9163E5319009F8F21 /* btn_newSI_off.png in Resources */ = {isa = PBXBuildFile; fileRef = C486D9C1163E5319009F8F21 /* btn_newSI_off.png */; };
		C486D9CA163E5319009F8F21 /* btn_newSI_on.png in Resources */ = {isa = PBXBuildFile; fileRef = C486D9C2163E5319009F8F21 /* btn_newSI_on.png */; };
		C486D9CB163E5319009F8F21 /* btn_prospect_off.png in Resources */ = {isa = PBXBuildFile; fileRef = C486D9C3163E5319009F8F21 /* btn_prospect_off.png */; };
		C486D9CC163E5319009F8F21 /* btn_prospect_on.png in Resources */ = {isa = PBXBuildFile; fileRef = C486D9C4163E5319009F8F21 /* btn_prospect_on.png */; };
		C486D9CE163E5319009F8F21 /* btn_SIlisting_on.png in Resources */ = {isa = PBXBuildFile; fileRef = C486D9C6163E5319009F8F21 /* btn_SIlisting_on.png */; };
		C486D9D1163E5466009F8F21 /* btn_home.png in Resources */ = {isa = PBXBuildFile; fileRef = C486D9CF163E5466009F8F21 /* btn_home.png */; };
		C486D9D2163E5466009F8F21 /* btn_SIlisting_off.png in Resources */ = {isa = PBXBuildFile; fileRef = C486D9D0163E5466009F8F21 /* btn_SIlisting_off.png */; };
		C486D9D4163E6622009F8F21 /* Cordova.plist in Resources */ = {isa = PBXBuildFile; fileRef = C486D9D3163E6622009F8F21 /* Cordova.plist */; };
		C486D9DA163E6728009F8F21 /* AddressBook.framework in Frameworks */ = {isa = PBXBuildFile; fileRef = C486D9D8163E6728009F8F21 /* AddressBook.framework */; };
		C486D9DB163E6728009F8F21 /* AddressBookUI.framework in Frameworks */ = {isa = PBXBuildFile; fileRef = C486D9D9163E6728009F8F21 /* AddressBookUI.framework */; };
		C486D9DD163E6732009F8F21 /* AudioToolbox.framework in Frameworks */ = {isa = PBXBuildFile; fileRef = C486D9DC163E6732009F8F21 /* AudioToolbox.framework */; };
		C486D9DF163E6739009F8F21 /* AVFoundation.framework in Frameworks */ = {isa = PBXBuildFile; fileRef = C486D9DE163E6739009F8F21 /* AVFoundation.framework */; };
		C486D9E1163E6741009F8F21 /* CoreLocation.framework in Frameworks */ = {isa = PBXBuildFile; fileRef = C486D9E0163E6741009F8F21 /* CoreLocation.framework */; };
		C486D9E3163E6747009F8F21 /* MediaPlayer.framework in Frameworks */ = {isa = PBXBuildFile; fileRef = C486D9E2163E6747009F8F21 /* MediaPlayer.framework */; };
		C486D9E5163E6756009F8F21 /* SystemConfiguration.framework in Frameworks */ = {isa = PBXBuildFile; fileRef = C486D9E4163E6756009F8F21 /* SystemConfiguration.framework */; };
		C486D9E7163E675C009F8F21 /* MobileCoreServices.framework in Frameworks */ = {isa = PBXBuildFile; fileRef = C486D9E6163E675C009F8F21 /* MobileCoreServices.framework */; };
		C486D9E9163E6762009F8F21 /* CoreMedia.framework in Frameworks */ = {isa = PBXBuildFile; fileRef = C486D9E8163E6762009F8F21 /* CoreMedia.framework */; };
		C486D9F7163E6F92009F8F21 /* libCordova.a in Frameworks */ = {isa = PBXBuildFile; fileRef = C486D9F3163E6988009F8F21 /* libCordova.a */; };
		C486D9F9163E7127009F8F21 /* www in Resources */ = {isa = PBXBuildFile; fileRef = C486D9F8163E7127009F8F21 /* www */; };
		C4E7B388161B119E00066CBF /* SIListing.m in Sources */ = {isa = PBXBuildFile; fileRef = C4E7B387161B119E00066CBF /* SIListing.m */; };
		C4E7B38B161B147800066CBF /* siListingSortBy.m in Sources */ = {isa = PBXBuildFile; fileRef = C4E7B38A161B147800066CBF /* siListingSortBy.m */; };
		C4E9D1951612C64900016053 /* UIKit.framework in Frameworks */ = {isa = PBXBuildFile; fileRef = C4E9D1941612C64900016053 /* UIKit.framework */; };
		C4E9D1971612C64900016053 /* Foundation.framework in Frameworks */ = {isa = PBXBuildFile; fileRef = C4E9D1961612C64900016053 /* Foundation.framework */; };
		C4E9D1991612C64900016053 /* CoreGraphics.framework in Frameworks */ = {isa = PBXBuildFile; fileRef = C4E9D1981612C64900016053 /* CoreGraphics.framework */; };
		C4E9D19F1612C64900016053 /* InfoPlist.strings in Resources */ = {isa = PBXBuildFile; fileRef = C4E9D19D1612C64900016053 /* InfoPlist.strings */; };
		C4E9D1A11612C64900016053 /* main.m in Sources */ = {isa = PBXBuildFile; fileRef = C4E9D1A01612C64900016053 /* main.m */; };
		C4E9D1A51612C64900016053 /* AppDelegate.m in Sources */ = {isa = PBXBuildFile; fileRef = C4E9D1A41612C64900016053 /* AppDelegate.m */; };
		C4E9D1A81612C64900016053 /* MainStoryboard.storyboard in Resources */ = {isa = PBXBuildFile; fileRef = C4E9D1A61612C64900016053 /* MainStoryboard.storyboard */; };
		C4E9D1AB1612C64900016053 /* ViewController.m in Sources */ = {isa = PBXBuildFile; fileRef = C4E9D1AA1612C64900016053 /* ViewController.m */; };
		C4E9D1BA1612C68200016053 /* FSVerticalTabBar.m in Sources */ = {isa = PBXBuildFile; fileRef = C4E9D1B31612C68200016053 /* FSVerticalTabBar.m */; };
		C4E9D1BB1612C68200016053 /* FSVerticalTabBarButton.m in Sources */ = {isa = PBXBuildFile; fileRef = C4E9D1B51612C68200016053 /* FSVerticalTabBarButton.m */; };
		C4E9D1BC1612C68200016053 /* FSVerticalTabBarController.m in Sources */ = {isa = PBXBuildFile; fileRef = C4E9D1B71612C68200016053 /* FSVerticalTabBarController.m */; };
		C4E9D1BD1612C68200016053 /* selectionIndicatorImage.png in Resources */ = {isa = PBXBuildFile; fileRef = C4E9D1B81612C68200016053 /* selectionIndicatorImage.png */; };
		C4E9D1BE1612C68200016053 /* selectionIndicatorImage@2x.png in Resources */ = {isa = PBXBuildFile; fileRef = C4E9D1B91612C68200016053 /* selectionIndicatorImage@2x.png */; };
		C4E9D1C51612C78400016053 /* ios-linen.png in Resources */ = {isa = PBXBuildFile; fileRef = C4E9D1C21612C78400016053 /* ios-linen.png */; };
		C4E9D1C61612C78400016053 /* magnifying-glass.png in Resources */ = {isa = PBXBuildFile; fileRef = C4E9D1C31612C78400016053 /* magnifying-glass.png */; };
		C4E9D1C71612C78400016053 /* magnifying-glass@2x.png in Resources */ = {isa = PBXBuildFile; fileRef = C4E9D1C41612C78400016053 /* magnifying-glass@2x.png */; };
		C4E9D1CA1612C7D300016053 /* MainScreen.m in Sources */ = {isa = PBXBuildFile; fileRef = C4E9D1C91612C7D300016053 /* MainScreen.m */; };
		C4E9D1CC1612C9C300016053 /* QuartzCore.framework in Frameworks */ = {isa = PBXBuildFile; fileRef = C4E9D1CB1612C9C300016053 /* QuartzCore.framework */; };
		C4EA9BCD1616D7C700D51FE9 /* SecurityQuestion.m in Sources */ = {isa = PBXBuildFile; fileRef = C4EA9BCC1616D7C700D51FE9 /* SecurityQuestion.m */; };
		C4EA9BD21616DB7F00D51FE9 /* SecurityQuesTbViewController.m in Sources */ = {isa = PBXBuildFile; fileRef = C4EA9BD11616DB7F00D51FE9 /* SecurityQuesTbViewController.m */; };
		C4EA9BDB16171E5200D51FE9 /* RetreivePwdTbViewController.m in Sources */ = {isa = PBXBuildFile; fileRef = C4EA9BDA16171E5200D51FE9 /* RetreivePwdTbViewController.m */; };
		C4EA9BDE16171F4800D51FE9 /* ForgotPwd.m in Sources */ = {isa = PBXBuildFile; fileRef = C4EA9BDD16171F4800D51FE9 /* ForgotPwd.m */; };
		C4EA9BEA16181FFB00D51FE9 /* ProspectViewController.m in Sources */ = {isa = PBXBuildFile; fileRef = C4EA9BE916181FFB00D51FE9 /* ProspectViewController.m */; };
		C4EA9BED1619359D00D51FE9 /* OccupationList.m in Sources */ = {isa = PBXBuildFile; fileRef = C4EA9BEC1619359D00D51FE9 /* OccupationList.m */; };
		C4EA9BF01619404D00D51FE9 /* ProspectListing.m in Sources */ = {isa = PBXBuildFile; fileRef = C4EA9BEF1619404D00D51FE9 /* ProspectListing.m */; };
		C4EA9BF31619460500D51FE9 /* ProspectProfile.m in Sources */ = {isa = PBXBuildFile; fileRef = C4EA9BF21619460500D51FE9 /* ProspectProfile.m */; };
		C4EA9BF61619630F00D51FE9 /* EditProspect.m in Sources */ = {isa = PBXBuildFile; fileRef = C4EA9BF51619630E00D51FE9 /* EditProspect.m */; };
		C4EA9BFC161989D200D51FE9 /* FirstTimeViewController.m in Sources */ = {isa = PBXBuildFile; fileRef = C4EA9BFB161989D100D51FE9 /* FirstTimeViewController.m */; };
		C4EA9C07161A76A900D51FE9 /* Logout.m in Sources */ = {isa = PBXBuildFile; fileRef = C4EA9C06161A76A800D51FE9 /* Logout.m */; };
		C4EB49101615327E00C7FC8C /* button_hover.png in Resources */ = {isa = PBXBuildFile; fileRef = C4EB49061615327E00C7FC8C /* button_hover.png */; };
		C4EB49111615327E00C7FC8C /* button.png in Resources */ = {isa = PBXBuildFile; fileRef = C4EB49071615327E00C7FC8C /* button.png */; };
		C4EB49121615327E00C7FC8C /* header-repeted.png in Resources */ = {isa = PBXBuildFile; fileRef = C4EB49081615327E00C7FC8C /* header-repeted.png */; };
		C4EB49131615327E00C7FC8C /* header.png in Resources */ = {isa = PBXBuildFile; fileRef = C4EB49091615327E00C7FC8C /* header.png */; };
		C4EB49141615327E00C7FC8C /* image.png in Resources */ = {isa = PBXBuildFile; fileRef = C4EB490A1615327E00C7FC8C /* image.png */; };
		C4EB49151615327E00C7FC8C /* login.png in Resources */ = {isa = PBXBuildFile; fileRef = C4EB490B1615327E00C7FC8C /* login.png */; };
		C4EB49161615327E00C7FC8C /* menu_hover.png in Resources */ = {isa = PBXBuildFile; fileRef = C4EB490C1615327E00C7FC8C /* menu_hover.png */; };
		C4EB49171615327E00C7FC8C /* menu.png in Resources */ = {isa = PBXBuildFile; fileRef = C4EB490D1615327E00C7FC8C /* menu.png */; };
		C4EB49181615327E00C7FC8C /* protectGlobe.png in Resources */ = {isa = PBXBuildFile; fileRef = C4EB490E1615327E00C7FC8C /* protectGlobe.png */; };
		C4EB49191615327E00C7FC8C /* topbar.png in Resources */ = {isa = PBXBuildFile; fileRef = C4EB490F1615327E00C7FC8C /* topbar.png */; };
		C4EB491F1615402800C7FC8C /* Login.m in Sources */ = {isa = PBXBuildFile; fileRef = C4EB491E1615402800C7FC8C /* Login.m */; };
		C4EB49211615556300C7FC8C /* libsqlite3.dylib in Frameworks */ = {isa = PBXBuildFile; fileRef = C4EB49201615556300C7FC8C /* libsqlite3.dylib */; };
		C4EB4924161558F300C7FC8C /* ChangePassword.m in Sources */ = {isa = PBXBuildFile; fileRef = C4EB4923161558F300C7FC8C /* ChangePassword.m */; };
		C4EB492716155A4A00C7FC8C /* setting.m in Sources */ = {isa = PBXBuildFile; fileRef = C4EB492616155A4A00C7FC8C /* setting.m */; };
		C4EB493C161592EC00C7FC8C /* UserProfile.m in Sources */ = {isa = PBXBuildFile; fileRef = C4EB493B161592EB00C7FC8C /* UserProfile.m */; };
		C4F08D5B161DA491008BCC1A /* ContactTypeClass.h in Sources */ = {isa = PBXBuildFile; fileRef = C4F08D59161DA491008BCC1A /* ContactTypeClass.h */; };
		C4F08D5C161DA491008BCC1A /* ContactTypeClass.m in Sources */ = {isa = PBXBuildFile; fileRef = C4F08D5A161DA491008BCC1A /* ContactTypeClass.m */; };
		C4F08D60161DBDBB008BCC1A /* SIDate.m in Sources */ = {isa = PBXBuildFile; fileRef = C4F08D5F161DBDBB008BCC1A /* SIDate.m */; };
		C4F82FEE16296F6700EF8FAA /* IMG_0039.png in Resources */ = {isa = PBXBuildFile; fileRef = C4F82FEB16296F6700EF8FAA /* IMG_0039.png */; };
		C4F82FEF16296F6700EF8FAA /* IMG_0040.png in Resources */ = {isa = PBXBuildFile; fileRef = C4F82FEC16296F6700EF8FAA /* IMG_0040.png */; };
		C4F82FF016296F6700EF8FAA /* IMG_0041.png in Resources */ = {isa = PBXBuildFile; fileRef = C4F82FED16296F6700EF8FAA /* IMG_0041.png */; };
		C4F82FF61629700900EF8FAA /* IMG_0042.png in Resources */ = {isa = PBXBuildFile; fileRef = C4F82FF51629700900EF8FAA /* IMG_0042.png */; };
		C4F83005162E503D00EF8FAA /* iconHLwithbackground.png in Resources */ = {isa = PBXBuildFile; fileRef = C4F83004162E503D00EF8FAA /* iconHLwithbackground.png */; };
		C4F8300D162FA84D00EF8FAA /* ReportViewController.m in Sources */ = {isa = PBXBuildFile; fileRef = C4F8300C162FA84D00EF8FAA /* ReportViewController.m */; };
		C4F8301D162FAA2400EF8FAA /* JTNavigationView.m in Sources */ = {isa = PBXBuildFile; fileRef = C4F83012162FAA2400EF8FAA /* JTNavigationView.m */; };
		C4F8301E162FAA2400EF8FAA /* JTRevealSidebarView.m in Sources */ = {isa = PBXBuildFile; fileRef = C4F83015162FAA2400EF8FAA /* JTRevealSidebarView.m */; };
		C4F8301F162FAA2400EF8FAA /* JTTableViewCellFactory.m in Sources */ = {isa = PBXBuildFile; fileRef = C4F83017162FAA2400EF8FAA /* JTTableViewCellFactory.m */; };
		C4F83020162FAA2400EF8FAA /* JTTableViewCellModal.m in Sources */ = {isa = PBXBuildFile; fileRef = C4F83019162FAA2400EF8FAA /* JTTableViewCellModal.m */; };
		C4F83021162FAA2400EF8FAA /* JTTableViewDatasource.m in Sources */ = {isa = PBXBuildFile; fileRef = C4F8301B162FAA2400EF8FAA /* JTTableViewDatasource.m */; };
		C4F83024162FAA8700EF8FAA /* DemoHtml.m in Sources */ = {isa = PBXBuildFile; fileRef = C4F83023162FAA8600EF8FAA /* DemoHtml.m */; };
		C4F8302A162FB7A600EF8FAA /* JTNavigationBar.m in Sources */ = {isa = PBXBuildFile; fileRef = C4F83029162FB7A600EF8FAA /* JTNavigationBar.m */; };
		C4F83031162FCEE000EF8FAA /* HLassurance.png in Resources */ = {isa = PBXBuildFile; fileRef = C4F8302C162FCEE000EF8FAA /* HLassurance.png */; };
		C4F83032162FCEE000EF8FAA /* Page1.html in Resources */ = {isa = PBXBuildFile; fileRef = C4F8302D162FCEE000EF8FAA /* Page1.html */; };
		C4F83033162FCEE000EF8FAA /* Page2.html in Resources */ = {isa = PBXBuildFile; fileRef = C4F8302E162FCEE000EF8FAA /* Page2.html */; };
		C4F83034162FCEE000EF8FAA /* Page3.html in Resources */ = {isa = PBXBuildFile; fileRef = C4F8302F162FCEE000EF8FAA /* Page3.html */; };
		C4F83035162FCEE000EF8FAA /* style.css in Resources */ = {isa = PBXBuildFile; fileRef = C4F83030162FCEE000EF8FAA /* style.css */; };
		C4FCDDA2163792D50065D024 /* hladb.sqlite in Resources */ = {isa = PBXBuildFile; fileRef = C4FCDDA1163792D50065D024 /* hladb.sqlite */; };
		C4FCDDCA16395F120065D024 /* background12.png in Resources */ = {isa = PBXBuildFile; fileRef = C4FCDDBD16395F120065D024 /* background12.png */; };
		C4FCDDCB16395F120065D024 /* background13.png in Resources */ = {isa = PBXBuildFile; fileRef = C4FCDDBE16395F120065D024 /* background13.png */; };
		C4FCDDCC16395F120065D024 /* background14.png in Resources */ = {isa = PBXBuildFile; fileRef = C4FCDDBF16395F120065D024 /* background14.png */; };
		C4FCDDCD16395F120065D024 /* background15.jpg in Resources */ = {isa = PBXBuildFile; fileRef = C4FCDDC016395F120065D024 /* background15.jpg */; };
		C4FCDDCE16395F120065D024 /* background16.jpg in Resources */ = {isa = PBXBuildFile; fileRef = C4FCDDC116395F120065D024 /* background16.jpg */; };
		C4FCDDCF16395F120065D024 /* background17.jpg in Resources */ = {isa = PBXBuildFile; fileRef = C4FCDDC216395F120065D024 /* background17.jpg */; };
		C4FCDDD016395F120065D024 /* background19.png in Resources */ = {isa = PBXBuildFile; fileRef = C4FCDDC316395F120065D024 /* background19.png */; };
		C4FCDDD116395F120065D024 /* background20.jpg in Resources */ = {isa = PBXBuildFile; fileRef = C4FCDDC416395F120065D024 /* background20.jpg */; };
		C4FCDDD216395F120065D024 /* bg8.jpg in Resources */ = {isa = PBXBuildFile; fileRef = C4FCDDC516395F120065D024 /* bg8.jpg */; };
		C4FCDDD316395F120065D024 /* bg10.jpg in Resources */ = {isa = PBXBuildFile; fileRef = C4FCDDC616395F120065D024 /* bg10.jpg */; };
		C4FCDDD416395F120065D024 /* bg11.jpg in Resources */ = {isa = PBXBuildFile; fileRef = C4FCDDC716395F120065D024 /* bg11.jpg */; };
		C4FCDDD516395F120065D024 /* bg18.jpg in Resources */ = {isa = PBXBuildFile; fileRef = C4FCDDC816395F120065D024 /* bg18.jpg */; };
		C4FCDDD616395F120065D024 /* ipad_bg_4.jpg in Resources */ = {isa = PBXBuildFile; fileRef = C4FCDDC916395F120065D024 /* ipad_bg_4.jpg */; };
		C4FCDDE316395F290065D024 /* btn_brochure_home.png in Resources */ = {isa = PBXBuildFile; fileRef = C4FCDDD716395F290065D024 /* btn_brochure_home.png */; };
		C4FCDDE816395F290065D024 /* btn_prospect_home.png in Resources */ = {isa = PBXBuildFile; fileRef = C4FCDDDC16395F290065D024 /* btn_prospect_home.png */; };
		C4FCDDEB16395F290065D024 /* btn_setting_home.png in Resources */ = {isa = PBXBuildFile; fileRef = C4FCDDDF16395F290065D024 /* btn_setting_home.png */; };
		C4FCDDEC16395F290065D024 /* btn_SI_home.png in Resources */ = {isa = PBXBuildFile; fileRef = C4FCDDE016395F290065D024 /* btn_SI_home.png */; };
		EF059839161A8BD1004A9095 /* NewLAViewController.m in Sources */ = {isa = PBXBuildFile; fileRef = EF059837161A8BCF004A9095 /* NewLAViewController.m */; };
		EF05983F161A8C85004A9095 /* ListingTbViewController.m in Sources */ = {isa = PBXBuildFile; fileRef = EF05983D161A8C85004A9095 /* ListingTbViewController.m */; };
		EF059842161A901A004A9095 /* PayorViewController.m in Sources */ = {isa = PBXBuildFile; fileRef = EF059840161A901A004A9095 /* PayorViewController.m */; };
		EF059845161A9055004A9095 /* SecondLAViewController.m in Sources */ = {isa = PBXBuildFile; fileRef = EF059843161A9055004A9095 /* SecondLAViewController.m */; };
		EF059848161A912A004A9095 /* BasicPlanViewController.m in Sources */ = {isa = PBXBuildFile; fileRef = EF059846161A912A004A9095 /* BasicPlanViewController.m */; };
		EF05984B161A91EF004A9095 /* RiderViewController.m in Sources */ = {isa = PBXBuildFile; fileRef = EF059849161A91EE004A9095 /* RiderViewController.m */; };
		EF059850161A92C4004A9095 /* DateViewController.m in Sources */ = {isa = PBXBuildFile; fileRef = EF05984E161A92C4004A9095 /* DateViewController.m */; };
		EF059853161A92E3004A9095 /* JobListTbViewController.m in Sources */ = {isa = PBXBuildFile; fileRef = EF059852161A92E3004A9095 /* JobListTbViewController.m */; };
		EF059856161A9373004A9095 /* PremiumViewController.m in Sources */ = {isa = PBXBuildFile; fileRef = EF059854161A9373004A9095 /* PremiumViewController.m */; };
		EF059859161A9406004A9095 /* RiderPTypeTbViewController.m in Sources */ = {isa = PBXBuildFile; fileRef = EF059857161A9406004A9095 /* RiderPTypeTbViewController.m */; };
		EF05985C161A9428004A9095 /* RiderListTbViewController.m in Sources */ = {isa = PBXBuildFile; fileRef = EF05985A161A9428004A9095 /* RiderListTbViewController.m */; };
		EF05985F161A943A004A9095 /* RiderFormTbViewController.m in Sources */ = {isa = PBXBuildFile; fileRef = EF05985D161A943A004A9095 /* RiderFormTbViewController.m */; };
		EF28C319161BE224009585CC /* SIMenuViewController.m in Sources */ = {isa = PBXBuildFile; fileRef = EF28C318161BE224009585CC /* SIMenuViewController.m */; };
		EF28C323161C11C2009585CC /* SIHandler.m in Sources */ = {isa = PBXBuildFile; fileRef = EF28C322161C11C2009585CC /* SIHandler.m */; };
		EF33ACF0162D42B3006BB4C6 /* PlanList.m in Sources */ = {isa = PBXBuildFile; fileRef = EF33ACEF162D42B3006BB4C6 /* PlanList.m */; };
		EFB9389E161C3CB800B97101 /* BasicPlanHandler.m in Sources */ = {isa = PBXBuildFile; fileRef = EFB9389D161C3CB800B97101 /* BasicPlanHandler.m */; };
/* End PBXBuildFile section */

/* Begin PBXContainerItemProxy section */
		C486D9F2163E6988009F8F21 /* PBXContainerItemProxy */ = {
			isa = PBXContainerItemProxy;
			containerPortal = C486D9EB163E6988009F8F21 /* CordovaLib.xcodeproj */;
			proxyType = 2;
			remoteGlobalIDString = 68A32D7114102E1C006B237C;
			remoteInfo = CordovaLib;
		};
		C486D9F4163E699B009F8F21 /* PBXContainerItemProxy */ = {
			isa = PBXContainerItemProxy;
			containerPortal = C486D9EB163E6988009F8F21 /* CordovaLib.xcodeproj */;
			proxyType = 1;
			remoteGlobalIDString = D2AAC07D0554694100DB518D;
			remoteInfo = CordovaLib;
		};
/* End PBXContainerItemProxy section */

/* Begin PBXFileReference section */
		C4660E61161F118B00BA4AFE /* ColorHexCode.h */ = {isa = PBXFileReference; fileEncoding = 4; lastKnownFileType = sourcecode.c.h; path = ColorHexCode.h; sourceTree = "<group>"; };
		C4660E62161F118B00BA4AFE /* ColorHexCode.m */ = {isa = PBXFileReference; fileEncoding = 4; lastKnownFileType = sourcecode.c.objc; path = ColorHexCode.m; sourceTree = "<group>"; };
		C4660EA11625047800BA4AFE /* delete_button.png */ = {isa = PBXFileReference; lastKnownFileType = image.png; path = delete_button.png; sourceTree = "<group>"; };
		C4660EA21625047800BA4AFE /* exit_btnB_144.png */ = {isa = PBXFileReference; lastKnownFileType = image.png; path = exit_btnB_144.png; sourceTree = "<group>"; };
		C4660EA31625047800BA4AFE /* exit_btnB.png */ = {isa = PBXFileReference; lastKnownFileType = image.png; path = exit_btnB.png; sourceTree = "<group>"; };
		C4660EA41625047800BA4AFE /* home_144.png */ = {isa = PBXFileReference; lastKnownFileType = image.png; path = home_144.png; sourceTree = "<group>"; };
		C4660EA51625047800BA4AFE /* home_btn.png */ = {isa = PBXFileReference; lastKnownFileType = image.png; path = home_btn.png; sourceTree = "<group>"; };
		C4660EA61625047800BA4AFE /* prospect_100.png */ = {isa = PBXFileReference; lastKnownFileType = image.png; path = prospect_100.png; sourceTree = "<group>"; };
		C4660EA71625047800BA4AFE /* prospect_btnB_144.png */ = {isa = PBXFileReference; lastKnownFileType = image.png; path = prospect_btnB_144.png; sourceTree = "<group>"; };
		C4660EA81625047800BA4AFE /* prospect_btnB.png */ = {isa = PBXFileReference; lastKnownFileType = image.png; path = prospect_btnB.png; sourceTree = "<group>"; };
		C4660EA91625047800BA4AFE /* prospect_btnB2_144.png */ = {isa = PBXFileReference; lastKnownFileType = image.png; path = prospect_btnB2_144.png; sourceTree = "<group>"; };
		C4660EAA1625047800BA4AFE /* prospect_btnB2.png */ = {isa = PBXFileReference; lastKnownFileType = image.png; path = prospect_btnB2.png; sourceTree = "<group>"; };
		C4660EAB1625047800BA4AFE /* prospect.png */ = {isa = PBXFileReference; lastKnownFileType = image.png; path = prospect.png; sourceTree = "<group>"; };
		C4660EAC1625047800BA4AFE /* setting_btnB_144.png */ = {isa = PBXFileReference; lastKnownFileType = image.png; path = setting_btnB_144.png; sourceTree = "<group>"; };
		C4660EAD1625047800BA4AFE /* setting_btnB.png */ = {isa = PBXFileReference; lastKnownFileType = image.png; path = setting_btnB.png; sourceTree = "<group>"; };
		C4660EAE1625047800BA4AFE /* setting_btnB2_144.png */ = {isa = PBXFileReference; lastKnownFileType = image.png; path = setting_btnB2_144.png; sourceTree = "<group>"; };
		C4660EAF1625047800BA4AFE /* setting_btnB2.png */ = {isa = PBXFileReference; lastKnownFileType = image.png; path = setting_btnB2.png; sourceTree = "<group>"; };
		C4660EB01625047800BA4AFE /* SI_button_144.png */ = {isa = PBXFileReference; lastKnownFileType = image.png; path = SI_button_144.png; sourceTree = "<group>"; };
		C4660EB11625047800BA4AFE /* SI_button.png */ = {isa = PBXFileReference; lastKnownFileType = image.png; path = SI_button.png; sourceTree = "<group>"; };
		C4660EB21625047800BA4AFE /* SI_button2_144.png */ = {isa = PBXFileReference; lastKnownFileType = image.png; path = SI_button2_144.png; sourceTree = "<group>"; };
		C4660EB31625047800BA4AFE /* SI_button2.png */ = {isa = PBXFileReference; lastKnownFileType = image.png; path = SI_button2.png; sourceTree = "<group>"; };
		C4660EB41625047800BA4AFE /* SI_buttonB_144.png */ = {isa = PBXFileReference; lastKnownFileType = image.png; path = SI_buttonB_144.png; sourceTree = "<group>"; };
		C4660EB51625047800BA4AFE /* SI_buttonB.png */ = {isa = PBXFileReference; lastKnownFileType = image.png; path = SI_buttonB.png; sourceTree = "<group>"; };
		C4660EE81625997D00BA4AFE /* iCarousel.h */ = {isa = PBXFileReference; fileEncoding = 4; lastKnownFileType = sourcecode.c.h; path = iCarousel.h; sourceTree = "<group>"; };
		C4660EE91625997D00BA4AFE /* iCarousel.m */ = {isa = PBXFileReference; fileEncoding = 4; lastKnownFileType = sourcecode.c.objc; path = iCarousel.m; sourceTree = "<group>"; };
		C4660EEB16259AD500BA4AFE /* CarouselViewController.h */ = {isa = PBXFileReference; fileEncoding = 4; lastKnownFileType = sourcecode.c.h; path = CarouselViewController.h; sourceTree = "<group>"; };
		C4660EEC16259AD600BA4AFE /* CarouselViewController.m */ = {isa = PBXFileReference; fileEncoding = 4; lastKnownFileType = sourcecode.c.objc; path = CarouselViewController.m; sourceTree = "<group>"; };
		C486D9BF163E5319009F8F21 /* btn_exit.png */ = {isa = PBXFileReference; lastKnownFileType = image.png; path = btn_exit.png; sourceTree = "<group>"; };
		C486D9C1163E5319009F8F21 /* btn_newSI_off.png */ = {isa = PBXFileReference; lastKnownFileType = image.png; path = btn_newSI_off.png; sourceTree = "<group>"; };
		C486D9C2163E5319009F8F21 /* btn_newSI_on.png */ = {isa = PBXFileReference; lastKnownFileType = image.png; path = btn_newSI_on.png; sourceTree = "<group>"; };
		C486D9C3163E5319009F8F21 /* btn_prospect_off.png */ = {isa = PBXFileReference; lastKnownFileType = image.png; path = btn_prospect_off.png; sourceTree = "<group>"; };
		C486D9C4163E5319009F8F21 /* btn_prospect_on.png */ = {isa = PBXFileReference; lastKnownFileType = image.png; path = btn_prospect_on.png; sourceTree = "<group>"; };
		C486D9C6163E5319009F8F21 /* btn_SIlisting_on.png */ = {isa = PBXFileReference; lastKnownFileType = image.png; path = btn_SIlisting_on.png; sourceTree = "<group>"; };
		C486D9CF163E5466009F8F21 /* btn_home.png */ = {isa = PBXFileReference; lastKnownFileType = image.png; path = btn_home.png; sourceTree = "<group>"; };
		C486D9D0163E5466009F8F21 /* btn_SIlisting_off.png */ = {isa = PBXFileReference; lastKnownFileType = image.png; path = btn_SIlisting_off.png; sourceTree = "<group>"; };
		C486D9D3163E6622009F8F21 /* Cordova.plist */ = {isa = PBXFileReference; fileEncoding = 4; lastKnownFileType = text.plist.xml; path = Cordova.plist; sourceTree = "<group>"; };
		C486D9D8163E6728009F8F21 /* AddressBook.framework */ = {isa = PBXFileReference; lastKnownFileType = wrapper.framework; name = AddressBook.framework; path = System/Library/Frameworks/AddressBook.framework; sourceTree = SDKROOT; };
		C486D9D9163E6728009F8F21 /* AddressBookUI.framework */ = {isa = PBXFileReference; lastKnownFileType = wrapper.framework; name = AddressBookUI.framework; path = System/Library/Frameworks/AddressBookUI.framework; sourceTree = SDKROOT; };
		C486D9DC163E6732009F8F21 /* AudioToolbox.framework */ = {isa = PBXFileReference; lastKnownFileType = wrapper.framework; name = AudioToolbox.framework; path = System/Library/Frameworks/AudioToolbox.framework; sourceTree = SDKROOT; };
		C486D9DE163E6739009F8F21 /* AVFoundation.framework */ = {isa = PBXFileReference; lastKnownFileType = wrapper.framework; name = AVFoundation.framework; path = System/Library/Frameworks/AVFoundation.framework; sourceTree = SDKROOT; };
		C486D9E0163E6741009F8F21 /* CoreLocation.framework */ = {isa = PBXFileReference; lastKnownFileType = wrapper.framework; name = CoreLocation.framework; path = System/Library/Frameworks/CoreLocation.framework; sourceTree = SDKROOT; };
		C486D9E2163E6747009F8F21 /* MediaPlayer.framework */ = {isa = PBXFileReference; lastKnownFileType = wrapper.framework; name = MediaPlayer.framework; path = System/Library/Frameworks/MediaPlayer.framework; sourceTree = SDKROOT; };
		C486D9E4163E6756009F8F21 /* SystemConfiguration.framework */ = {isa = PBXFileReference; lastKnownFileType = wrapper.framework; name = SystemConfiguration.framework; path = System/Library/Frameworks/SystemConfiguration.framework; sourceTree = SDKROOT; };
		C486D9E6163E675C009F8F21 /* MobileCoreServices.framework */ = {isa = PBXFileReference; lastKnownFileType = wrapper.framework; name = MobileCoreServices.framework; path = System/Library/Frameworks/MobileCoreServices.framework; sourceTree = SDKROOT; };
		C486D9E8163E6762009F8F21 /* CoreMedia.framework */ = {isa = PBXFileReference; lastKnownFileType = wrapper.framework; name = CoreMedia.framework; path = System/Library/Frameworks/CoreMedia.framework; sourceTree = SDKROOT; };
		C486D9EB163E6988009F8F21 /* CordovaLib.xcodeproj */ = {isa = PBXFileReference; lastKnownFileType = "wrapper.pb-project"; name = CordovaLib.xcodeproj; path = "../../Downloads/phonegap-phonegap-26d211b/lib/ios/CordovaLib/CordovaLib.xcodeproj"; sourceTree = "<group>"; };
		C486D9F8163E7127009F8F21 /* www */ = {isa = PBXFileReference; lastKnownFileType = folder; path = www; sourceTree = "<group>"; };
		C4E7B386161B119E00066CBF /* SIListing.h */ = {isa = PBXFileReference; fileEncoding = 4; lastKnownFileType = sourcecode.c.h; path = SIListing.h; sourceTree = "<group>"; };
		C4E7B387161B119E00066CBF /* SIListing.m */ = {isa = PBXFileReference; fileEncoding = 4; lastKnownFileType = sourcecode.c.objc; path = SIListing.m; sourceTree = "<group>"; };
		C4E7B389161B147800066CBF /* siListingSortBy.h */ = {isa = PBXFileReference; fileEncoding = 4; lastKnownFileType = sourcecode.c.h; path = siListingSortBy.h; sourceTree = "<group>"; };
		C4E7B38A161B147800066CBF /* siListingSortBy.m */ = {isa = PBXFileReference; fileEncoding = 4; lastKnownFileType = sourcecode.c.objc; path = siListingSortBy.m; sourceTree = "<group>"; };
		C4E9D1901612C64900016053 /* HLA Ipad.app */ = {isa = PBXFileReference; explicitFileType = wrapper.application; includeInIndex = 0; path = "HLA Ipad.app"; sourceTree = BUILT_PRODUCTS_DIR; };
		C4E9D1941612C64900016053 /* UIKit.framework */ = {isa = PBXFileReference; lastKnownFileType = wrapper.framework; name = UIKit.framework; path = System/Library/Frameworks/UIKit.framework; sourceTree = SDKROOT; };
		C4E9D1961612C64900016053 /* Foundation.framework */ = {isa = PBXFileReference; lastKnownFileType = wrapper.framework; name = Foundation.framework; path = System/Library/Frameworks/Foundation.framework; sourceTree = SDKROOT; };
		C4E9D1981612C64900016053 /* CoreGraphics.framework */ = {isa = PBXFileReference; lastKnownFileType = wrapper.framework; name = CoreGraphics.framework; path = System/Library/Frameworks/CoreGraphics.framework; sourceTree = SDKROOT; };
		C4E9D19C1612C64900016053 /* HLA Ipad-Info.plist */ = {isa = PBXFileReference; lastKnownFileType = text.plist.xml; path = "HLA Ipad-Info.plist"; sourceTree = "<group>"; };
		C4E9D19E1612C64900016053 /* en */ = {isa = PBXFileReference; lastKnownFileType = text.plist.strings; name = en; path = en.lproj/InfoPlist.strings; sourceTree = "<group>"; };
		C4E9D1A01612C64900016053 /* main.m */ = {isa = PBXFileReference; lastKnownFileType = sourcecode.c.objc; path = main.m; sourceTree = "<group>"; };
		C4E9D1A21612C64900016053 /* HLA Ipad-Prefix.pch */ = {isa = PBXFileReference; lastKnownFileType = sourcecode.c.h; path = "HLA Ipad-Prefix.pch"; sourceTree = "<group>"; };
		C4E9D1A31612C64900016053 /* AppDelegate.h */ = {isa = PBXFileReference; lastKnownFileType = sourcecode.c.h; path = AppDelegate.h; sourceTree = "<group>"; };
		C4E9D1A41612C64900016053 /* AppDelegate.m */ = {isa = PBXFileReference; lastKnownFileType = sourcecode.c.objc; path = AppDelegate.m; sourceTree = "<group>"; };
		C4E9D1A71612C64900016053 /* en */ = {isa = PBXFileReference; lastKnownFileType = file.storyboard; name = en; path = en.lproj/MainStoryboard.storyboard; sourceTree = "<group>"; };
		C4E9D1A91612C64900016053 /* ViewController.h */ = {isa = PBXFileReference; lastKnownFileType = sourcecode.c.h; path = ViewController.h; sourceTree = "<group>"; };
		C4E9D1AA1612C64900016053 /* ViewController.m */ = {isa = PBXFileReference; lastKnownFileType = sourcecode.c.objc; path = ViewController.m; sourceTree = "<group>"; };
		C4E9D1B21612C68200016053 /* FSVerticalTabBar.h */ = {isa = PBXFileReference; fileEncoding = 4; lastKnownFileType = sourcecode.c.h; path = FSVerticalTabBar.h; sourceTree = "<group>"; };
		C4E9D1B31612C68200016053 /* FSVerticalTabBar.m */ = {isa = PBXFileReference; fileEncoding = 4; lastKnownFileType = sourcecode.c.objc; path = FSVerticalTabBar.m; sourceTree = "<group>"; };
		C4E9D1B41612C68200016053 /* FSVerticalTabBarButton.h */ = {isa = PBXFileReference; fileEncoding = 4; lastKnownFileType = sourcecode.c.h; path = FSVerticalTabBarButton.h; sourceTree = "<group>"; };
		C4E9D1B51612C68200016053 /* FSVerticalTabBarButton.m */ = {isa = PBXFileReference; fileEncoding = 4; lastKnownFileType = sourcecode.c.objc; path = FSVerticalTabBarButton.m; sourceTree = "<group>"; };
		C4E9D1B61612C68200016053 /* FSVerticalTabBarController.h */ = {isa = PBXFileReference; fileEncoding = 4; lastKnownFileType = sourcecode.c.h; path = FSVerticalTabBarController.h; sourceTree = "<group>"; };
		C4E9D1B71612C68200016053 /* FSVerticalTabBarController.m */ = {isa = PBXFileReference; fileEncoding = 4; lastKnownFileType = sourcecode.c.objc; path = FSVerticalTabBarController.m; sourceTree = "<group>"; };
		C4E9D1B81612C68200016053 /* selectionIndicatorImage.png */ = {isa = PBXFileReference; lastKnownFileType = image.png; path = selectionIndicatorImage.png; sourceTree = "<group>"; };
		C4E9D1B91612C68200016053 /* selectionIndicatorImage@2x.png */ = {isa = PBXFileReference; lastKnownFileType = image.png; path = "selectionIndicatorImage@2x.png"; sourceTree = "<group>"; };
		C4E9D1C21612C78400016053 /* ios-linen.png */ = {isa = PBXFileReference; lastKnownFileType = image.png; path = "ios-linen.png"; sourceTree = "<group>"; };
		C4E9D1C31612C78400016053 /* magnifying-glass.png */ = {isa = PBXFileReference; lastKnownFileType = image.png; path = "magnifying-glass.png"; sourceTree = "<group>"; };
		C4E9D1C41612C78400016053 /* magnifying-glass@2x.png */ = {isa = PBXFileReference; lastKnownFileType = image.png; path = "magnifying-glass@2x.png"; sourceTree = "<group>"; };
		C4E9D1C81612C7D300016053 /* MainScreen.h */ = {isa = PBXFileReference; fileEncoding = 4; lastKnownFileType = sourcecode.c.h; path = MainScreen.h; sourceTree = "<group>"; };
		C4E9D1C91612C7D300016053 /* MainScreen.m */ = {isa = PBXFileReference; fileEncoding = 4; lastKnownFileType = sourcecode.c.objc; path = MainScreen.m; sourceTree = "<group>"; };
		C4E9D1CB1612C9C300016053 /* QuartzCore.framework */ = {isa = PBXFileReference; lastKnownFileType = wrapper.framework; name = QuartzCore.framework; path = System/Library/Frameworks/QuartzCore.framework; sourceTree = SDKROOT; };
		C4EA9BCB1616D7C600D51FE9 /* SecurityQuestion.h */ = {isa = PBXFileReference; fileEncoding = 4; lastKnownFileType = sourcecode.c.h; path = SecurityQuestion.h; sourceTree = "<group>"; };
		C4EA9BCC1616D7C700D51FE9 /* SecurityQuestion.m */ = {isa = PBXFileReference; fileEncoding = 4; lastKnownFileType = sourcecode.c.objc; path = SecurityQuestion.m; sourceTree = "<group>"; };
		C4EA9BD01616DB7F00D51FE9 /* SecurityQuesTbViewController.h */ = {isa = PBXFileReference; fileEncoding = 4; lastKnownFileType = sourcecode.c.h; path = SecurityQuesTbViewController.h; sourceTree = "<group>"; };
		C4EA9BD11616DB7F00D51FE9 /* SecurityQuesTbViewController.m */ = {isa = PBXFileReference; fileEncoding = 4; lastKnownFileType = sourcecode.c.objc; path = SecurityQuesTbViewController.m; sourceTree = "<group>"; };
		C4EA9BD916171E5200D51FE9 /* RetreivePwdTbViewController.h */ = {isa = PBXFileReference; fileEncoding = 4; lastKnownFileType = sourcecode.c.h; path = RetreivePwdTbViewController.h; sourceTree = "<group>"; };
		C4EA9BDA16171E5200D51FE9 /* RetreivePwdTbViewController.m */ = {isa = PBXFileReference; fileEncoding = 4; lastKnownFileType = sourcecode.c.objc; path = RetreivePwdTbViewController.m; sourceTree = "<group>"; };
		C4EA9BDC16171F4800D51FE9 /* ForgotPwd.h */ = {isa = PBXFileReference; fileEncoding = 4; lastKnownFileType = sourcecode.c.h; path = ForgotPwd.h; sourceTree = "<group>"; };
		C4EA9BDD16171F4800D51FE9 /* ForgotPwd.m */ = {isa = PBXFileReference; fileEncoding = 4; lastKnownFileType = sourcecode.c.objc; path = ForgotPwd.m; sourceTree = "<group>"; };
		C4EA9BE816181FFB00D51FE9 /* ProspectViewController.h */ = {isa = PBXFileReference; fileEncoding = 4; lastKnownFileType = sourcecode.c.h; path = ProspectViewController.h; sourceTree = "<group>"; };
		C4EA9BE916181FFB00D51FE9 /* ProspectViewController.m */ = {isa = PBXFileReference; fileEncoding = 4; lastKnownFileType = sourcecode.c.objc; path = ProspectViewController.m; sourceTree = "<group>"; };
		C4EA9BEB1619359D00D51FE9 /* OccupationList.h */ = {isa = PBXFileReference; fileEncoding = 4; lastKnownFileType = sourcecode.c.h; path = OccupationList.h; sourceTree = "<group>"; };
		C4EA9BEC1619359D00D51FE9 /* OccupationList.m */ = {isa = PBXFileReference; fileEncoding = 4; lastKnownFileType = sourcecode.c.objc; path = OccupationList.m; sourceTree = "<group>"; };
		C4EA9BEE1619404D00D51FE9 /* ProspectListing.h */ = {isa = PBXFileReference; fileEncoding = 4; lastKnownFileType = sourcecode.c.h; path = ProspectListing.h; sourceTree = "<group>"; };
		C4EA9BEF1619404D00D51FE9 /* ProspectListing.m */ = {isa = PBXFileReference; fileEncoding = 4; lastKnownFileType = sourcecode.c.objc; path = ProspectListing.m; sourceTree = "<group>"; };
		C4EA9BF11619460500D51FE9 /* ProspectProfile.h */ = {isa = PBXFileReference; fileEncoding = 4; lastKnownFileType = sourcecode.c.h; path = ProspectProfile.h; sourceTree = "<group>"; };
		C4EA9BF21619460500D51FE9 /* ProspectProfile.m */ = {isa = PBXFileReference; fileEncoding = 4; lastKnownFileType = sourcecode.c.objc; path = ProspectProfile.m; sourceTree = "<group>"; };
		C4EA9BF41619630E00D51FE9 /* EditProspect.h */ = {isa = PBXFileReference; fileEncoding = 4; lastKnownFileType = sourcecode.c.h; path = EditProspect.h; sourceTree = "<group>"; };
		C4EA9BF51619630E00D51FE9 /* EditProspect.m */ = {isa = PBXFileReference; fileEncoding = 4; lastKnownFileType = sourcecode.c.objc; path = EditProspect.m; sourceTree = "<group>"; };
		C4EA9BFA161989D000D51FE9 /* FirstTimeViewController.h */ = {isa = PBXFileReference; fileEncoding = 4; lastKnownFileType = sourcecode.c.h; path = FirstTimeViewController.h; sourceTree = "<group>"; };
		C4EA9BFB161989D100D51FE9 /* FirstTimeViewController.m */ = {isa = PBXFileReference; fileEncoding = 4; lastKnownFileType = sourcecode.c.objc; path = FirstTimeViewController.m; sourceTree = "<group>"; };
		C4EA9C05161A76A700D51FE9 /* Logout.h */ = {isa = PBXFileReference; fileEncoding = 4; lastKnownFileType = sourcecode.c.h; path = Logout.h; sourceTree = "<group>"; };
		C4EA9C06161A76A800D51FE9 /* Logout.m */ = {isa = PBXFileReference; fileEncoding = 4; lastKnownFileType = sourcecode.c.objc; path = Logout.m; sourceTree = "<group>"; };
		C4EB49061615327E00C7FC8C /* button_hover.png */ = {isa = PBXFileReference; lastKnownFileType = image.png; path = button_hover.png; sourceTree = "<group>"; };
		C4EB49071615327E00C7FC8C /* button.png */ = {isa = PBXFileReference; lastKnownFileType = image.png; path = button.png; sourceTree = "<group>"; };
		C4EB49081615327E00C7FC8C /* header-repeted.png */ = {isa = PBXFileReference; lastKnownFileType = image.png; path = "header-repeted.png"; sourceTree = "<group>"; };
		C4EB49091615327E00C7FC8C /* header.png */ = {isa = PBXFileReference; lastKnownFileType = image.png; path = header.png; sourceTree = "<group>"; };
		C4EB490A1615327E00C7FC8C /* image.png */ = {isa = PBXFileReference; lastKnownFileType = image.png; path = image.png; sourceTree = "<group>"; };
		C4EB490B1615327E00C7FC8C /* login.png */ = {isa = PBXFileReference; lastKnownFileType = image.png; path = login.png; sourceTree = "<group>"; };
		C4EB490C1615327E00C7FC8C /* menu_hover.png */ = {isa = PBXFileReference; lastKnownFileType = image.png; path = menu_hover.png; sourceTree = "<group>"; };
		C4EB490D1615327E00C7FC8C /* menu.png */ = {isa = PBXFileReference; lastKnownFileType = image.png; path = menu.png; sourceTree = "<group>"; };
		C4EB490E1615327E00C7FC8C /* protectGlobe.png */ = {isa = PBXFileReference; lastKnownFileType = image.png; path = protectGlobe.png; sourceTree = "<group>"; };
		C4EB490F1615327E00C7FC8C /* topbar.png */ = {isa = PBXFileReference; lastKnownFileType = image.png; path = topbar.png; sourceTree = "<group>"; };
		C4EB491D1615402800C7FC8C /* Login.h */ = {isa = PBXFileReference; fileEncoding = 4; lastKnownFileType = sourcecode.c.h; path = Login.h; sourceTree = "<group>"; };
		C4EB491E1615402800C7FC8C /* Login.m */ = {isa = PBXFileReference; fileEncoding = 4; lastKnownFileType = sourcecode.c.objc; path = Login.m; sourceTree = "<group>"; };
		C4EB49201615556300C7FC8C /* libsqlite3.dylib */ = {isa = PBXFileReference; lastKnownFileType = "compiled.mach-o.dylib"; name = libsqlite3.dylib; path = usr/lib/libsqlite3.dylib; sourceTree = SDKROOT; };
		C4EB4922161558F300C7FC8C /* ChangePassword.h */ = {isa = PBXFileReference; fileEncoding = 4; lastKnownFileType = sourcecode.c.h; path = ChangePassword.h; sourceTree = "<group>"; };
		C4EB4923161558F300C7FC8C /* ChangePassword.m */ = {isa = PBXFileReference; fileEncoding = 4; lastKnownFileType = sourcecode.c.objc; path = ChangePassword.m; sourceTree = "<group>"; };
		C4EB492516155A4A00C7FC8C /* setting.h */ = {isa = PBXFileReference; fileEncoding = 4; lastKnownFileType = sourcecode.c.h; path = setting.h; sourceTree = "<group>"; };
		C4EB492616155A4A00C7FC8C /* setting.m */ = {isa = PBXFileReference; fileEncoding = 4; lastKnownFileType = sourcecode.c.objc; path = setting.m; sourceTree = "<group>"; };
		C4EB493A161592EB00C7FC8C /* UserProfile.h */ = {isa = PBXFileReference; fileEncoding = 4; lastKnownFileType = sourcecode.c.h; path = UserProfile.h; sourceTree = "<group>"; };
		C4EB493B161592EB00C7FC8C /* UserProfile.m */ = {isa = PBXFileReference; fileEncoding = 4; lastKnownFileType = sourcecode.c.objc; path = UserProfile.m; sourceTree = "<group>"; };
		C4F08D59161DA491008BCC1A /* ContactTypeClass.h */ = {isa = PBXFileReference; lastKnownFileType = sourcecode.c.h; path = ContactTypeClass.h; sourceTree = "<group>"; };
		C4F08D5A161DA491008BCC1A /* ContactTypeClass.m */ = {isa = PBXFileReference; lastKnownFileType = sourcecode.c.objc; path = ContactTypeClass.m; sourceTree = "<group>"; };
		C4F08D5E161DBDBB008BCC1A /* SIDate.h */ = {isa = PBXFileReference; fileEncoding = 4; lastKnownFileType = sourcecode.c.h; path = SIDate.h; sourceTree = "<group>"; };
		C4F08D5F161DBDBB008BCC1A /* SIDate.m */ = {isa = PBXFileReference; fileEncoding = 4; lastKnownFileType = sourcecode.c.objc; path = SIDate.m; sourceTree = "<group>"; };
		C4F82FEB16296F6700EF8FAA /* IMG_0039.png */ = {isa = PBXFileReference; lastKnownFileType = image.png; path = IMG_0039.png; sourceTree = "<group>"; };
		C4F82FEC16296F6700EF8FAA /* IMG_0040.png */ = {isa = PBXFileReference; lastKnownFileType = image.png; path = IMG_0040.png; sourceTree = "<group>"; };
		C4F82FED16296F6700EF8FAA /* IMG_0041.png */ = {isa = PBXFileReference; lastKnownFileType = image.png; path = IMG_0041.png; sourceTree = "<group>"; };
		C4F82FF51629700900EF8FAA /* IMG_0042.png */ = {isa = PBXFileReference; lastKnownFileType = image.png; path = IMG_0042.png; sourceTree = "<group>"; };
		C4F83004162E503D00EF8FAA /* iconHLwithbackground.png */ = {isa = PBXFileReference; lastKnownFileType = image.png; path = iconHLwithbackground.png; sourceTree = "<group>"; };
		C4F8300B162FA84D00EF8FAA /* ReportViewController.h */ = {isa = PBXFileReference; fileEncoding = 4; lastKnownFileType = sourcecode.c.h; path = ReportViewController.h; sourceTree = "<group>"; };
		C4F8300C162FA84D00EF8FAA /* ReportViewController.m */ = {isa = PBXFileReference; fileEncoding = 4; lastKnownFileType = sourcecode.c.objc; path = ReportViewController.m; sourceTree = "<group>"; };
		C4F83011162FAA2400EF8FAA /* JTNavigationView.h */ = {isa = PBXFileReference; fileEncoding = 4; lastKnownFileType = sourcecode.c.h; path = JTNavigationView.h; sourceTree = "<group>"; };
		C4F83012162FAA2400EF8FAA /* JTNavigationView.m */ = {isa = PBXFileReference; fileEncoding = 4; lastKnownFileType = sourcecode.c.objc; path = JTNavigationView.m; sourceTree = "<group>"; };
		C4F83013162FAA2400EF8FAA /* JTRevealSidebar-Prefix.pch */ = {isa = PBXFileReference; fileEncoding = 4; lastKnownFileType = sourcecode.c.h; path = "JTRevealSidebar-Prefix.pch"; sourceTree = "<group>"; };
		C4F83014162FAA2400EF8FAA /* JTRevealSidebarView.h */ = {isa = PBXFileReference; fileEncoding = 4; lastKnownFileType = sourcecode.c.h; path = JTRevealSidebarView.h; sourceTree = "<group>"; };
		C4F83015162FAA2400EF8FAA /* JTRevealSidebarView.m */ = {isa = PBXFileReference; fileEncoding = 4; lastKnownFileType = sourcecode.c.objc; path = JTRevealSidebarView.m; sourceTree = "<group>"; };
		C4F83016162FAA2400EF8FAA /* JTTableViewCellFactory.h */ = {isa = PBXFileReference; fileEncoding = 4; lastKnownFileType = sourcecode.c.h; path = JTTableViewCellFactory.h; sourceTree = "<group>"; };
		C4F83017162FAA2400EF8FAA /* JTTableViewCellFactory.m */ = {isa = PBXFileReference; fileEncoding = 4; lastKnownFileType = sourcecode.c.objc; path = JTTableViewCellFactory.m; sourceTree = "<group>"; };
		C4F83018162FAA2400EF8FAA /* JTTableViewCellModal.h */ = {isa = PBXFileReference; fileEncoding = 4; lastKnownFileType = sourcecode.c.h; path = JTTableViewCellModal.h; sourceTree = "<group>"; };
		C4F83019162FAA2400EF8FAA /* JTTableViewCellModal.m */ = {isa = PBXFileReference; fileEncoding = 4; lastKnownFileType = sourcecode.c.objc; path = JTTableViewCellModal.m; sourceTree = "<group>"; };
		C4F8301A162FAA2400EF8FAA /* JTTableViewDatasource.h */ = {isa = PBXFileReference; fileEncoding = 4; lastKnownFileType = sourcecode.c.h; path = JTTableViewDatasource.h; sourceTree = "<group>"; };
		C4F8301B162FAA2400EF8FAA /* JTTableViewDatasource.m */ = {isa = PBXFileReference; fileEncoding = 4; lastKnownFileType = sourcecode.c.objc; path = JTTableViewDatasource.m; sourceTree = "<group>"; };
		C4F83022162FAA8500EF8FAA /* DemoHtml.h */ = {isa = PBXFileReference; fileEncoding = 4; lastKnownFileType = sourcecode.c.h; path = DemoHtml.h; sourceTree = "<group>"; };
		C4F83023162FAA8600EF8FAA /* DemoHtml.m */ = {isa = PBXFileReference; fileEncoding = 4; lastKnownFileType = sourcecode.c.objc; path = DemoHtml.m; sourceTree = "<group>"; };
		C4F83028162FB7A500EF8FAA /* JTNavigationBar.h */ = {isa = PBXFileReference; fileEncoding = 4; lastKnownFileType = sourcecode.c.h; path = JTNavigationBar.h; sourceTree = "<group>"; };
		C4F83029162FB7A600EF8FAA /* JTNavigationBar.m */ = {isa = PBXFileReference; fileEncoding = 4; lastKnownFileType = sourcecode.c.objc; path = JTNavigationBar.m; sourceTree = "<group>"; };
		C4F8302C162FCEE000EF8FAA /* HLassurance.png */ = {isa = PBXFileReference; lastKnownFileType = image.png; path = HLassurance.png; sourceTree = "<group>"; };
		C4F8302D162FCEE000EF8FAA /* Page1.html */ = {isa = PBXFileReference; fileEncoding = 4; lastKnownFileType = text.html; path = Page1.html; sourceTree = "<group>"; };
		C4F8302E162FCEE000EF8FAA /* Page2.html */ = {isa = PBXFileReference; fileEncoding = 4; lastKnownFileType = text.html; path = Page2.html; sourceTree = "<group>"; };
		C4F8302F162FCEE000EF8FAA /* Page3.html */ = {isa = PBXFileReference; fileEncoding = 4; lastKnownFileType = text.html; path = Page3.html; sourceTree = "<group>"; };
		C4F83030162FCEE000EF8FAA /* style.css */ = {isa = PBXFileReference; fileEncoding = 4; lastKnownFileType = text.css; path = style.css; sourceTree = "<group>"; };
		C4FCDDA1163792D50065D024 /* hladb.sqlite */ = {isa = PBXFileReference; lastKnownFileType = file; path = hladb.sqlite; sourceTree = "<group>"; };
		C4FCDDBD16395F120065D024 /* background12.png */ = {isa = PBXFileReference; lastKnownFileType = image.png; path = background12.png; sourceTree = "<group>"; };
		C4FCDDBE16395F120065D024 /* background13.png */ = {isa = PBXFileReference; lastKnownFileType = image.png; path = background13.png; sourceTree = "<group>"; };
		C4FCDDBF16395F120065D024 /* background14.png */ = {isa = PBXFileReference; lastKnownFileType = image.png; path = background14.png; sourceTree = "<group>"; };
		C4FCDDC016395F120065D024 /* background15.jpg */ = {isa = PBXFileReference; lastKnownFileType = image.jpeg; path = background15.jpg; sourceTree = "<group>"; };
		C4FCDDC116395F120065D024 /* background16.jpg */ = {isa = PBXFileReference; lastKnownFileType = image.jpeg; path = background16.jpg; sourceTree = "<group>"; };
		C4FCDDC216395F120065D024 /* background17.jpg */ = {isa = PBXFileReference; lastKnownFileType = image.jpeg; path = background17.jpg; sourceTree = "<group>"; };
		C4FCDDC316395F120065D024 /* background19.png */ = {isa = PBXFileReference; lastKnownFileType = image.png; path = background19.png; sourceTree = "<group>"; };
		C4FCDDC416395F120065D024 /* background20.jpg */ = {isa = PBXFileReference; lastKnownFileType = image.jpeg; path = background20.jpg; sourceTree = "<group>"; };
		C4FCDDC516395F120065D024 /* bg8.jpg */ = {isa = PBXFileReference; lastKnownFileType = image.jpeg; path = bg8.jpg; sourceTree = "<group>"; };
		C4FCDDC616395F120065D024 /* bg10.jpg */ = {isa = PBXFileReference; lastKnownFileType = image.jpeg; path = bg10.jpg; sourceTree = "<group>"; };
		C4FCDDC716395F120065D024 /* bg11.jpg */ = {isa = PBXFileReference; lastKnownFileType = image.jpeg; path = bg11.jpg; sourceTree = "<group>"; };
		C4FCDDC816395F120065D024 /* bg18.jpg */ = {isa = PBXFileReference; lastKnownFileType = image.jpeg; path = bg18.jpg; sourceTree = "<group>"; };
		C4FCDDC916395F120065D024 /* ipad_bg_4.jpg */ = {isa = PBXFileReference; lastKnownFileType = image.jpeg; path = ipad_bg_4.jpg; sourceTree = "<group>"; };
		C4FCDDD716395F290065D024 /* btn_brochure_home.png */ = {isa = PBXFileReference; lastKnownFileType = image.png; path = btn_brochure_home.png; sourceTree = "<group>"; };
		C4FCDDDC16395F290065D024 /* btn_prospect_home.png */ = {isa = PBXFileReference; lastKnownFileType = image.png; path = btn_prospect_home.png; sourceTree = "<group>"; };
		C4FCDDDF16395F290065D024 /* btn_setting_home.png */ = {isa = PBXFileReference; lastKnownFileType = image.png; path = btn_setting_home.png; sourceTree = "<group>"; };
		C4FCDDE016395F290065D024 /* btn_SI_home.png */ = {isa = PBXFileReference; lastKnownFileType = image.png; path = btn_SI_home.png; sourceTree = "<group>"; };
		EF059837161A8BCF004A9095 /* NewLAViewController.m */ = {isa = PBXFileReference; fileEncoding = 4; lastKnownFileType = sourcecode.c.objc; path = NewLAViewController.m; sourceTree = "<group>"; };
		EF059838161A8BD0004A9095 /* NewLAViewController.h */ = {isa = PBXFileReference; fileEncoding = 4; lastKnownFileType = sourcecode.c.h; path = NewLAViewController.h; sourceTree = "<group>"; };
		EF05983D161A8C85004A9095 /* ListingTbViewController.m */ = {isa = PBXFileReference; fileEncoding = 4; lastKnownFileType = sourcecode.c.objc; path = ListingTbViewController.m; sourceTree = "<group>"; };
		EF05983E161A8C85004A9095 /* ListingTbViewController.h */ = {isa = PBXFileReference; fileEncoding = 4; lastKnownFileType = sourcecode.c.h; path = ListingTbViewController.h; sourceTree = "<group>"; };
		EF059840161A901A004A9095 /* PayorViewController.m */ = {isa = PBXFileReference; fileEncoding = 4; lastKnownFileType = sourcecode.c.objc; path = PayorViewController.m; sourceTree = "<group>"; };
		EF059841161A901A004A9095 /* PayorViewController.h */ = {isa = PBXFileReference; fileEncoding = 4; lastKnownFileType = sourcecode.c.h; path = PayorViewController.h; sourceTree = "<group>"; };
		EF059843161A9055004A9095 /* SecondLAViewController.m */ = {isa = PBXFileReference; fileEncoding = 4; lastKnownFileType = sourcecode.c.objc; path = SecondLAViewController.m; sourceTree = "<group>"; };
		EF059844161A9055004A9095 /* SecondLAViewController.h */ = {isa = PBXFileReference; fileEncoding = 4; lastKnownFileType = sourcecode.c.h; path = SecondLAViewController.h; sourceTree = "<group>"; };
		EF059846161A912A004A9095 /* BasicPlanViewController.m */ = {isa = PBXFileReference; fileEncoding = 4; lastKnownFileType = sourcecode.c.objc; path = BasicPlanViewController.m; sourceTree = "<group>"; };
		EF059847161A912A004A9095 /* BasicPlanViewController.h */ = {isa = PBXFileReference; fileEncoding = 4; lastKnownFileType = sourcecode.c.h; path = BasicPlanViewController.h; sourceTree = "<group>"; };
		EF059849161A91EE004A9095 /* RiderViewController.m */ = {isa = PBXFileReference; fileEncoding = 4; lastKnownFileType = sourcecode.c.objc; path = RiderViewController.m; sourceTree = "<group>"; };
		EF05984A161A91EE004A9095 /* RiderViewController.h */ = {isa = PBXFileReference; fileEncoding = 4; lastKnownFileType = sourcecode.c.h; path = RiderViewController.h; sourceTree = "<group>"; };
		EF05984E161A92C4004A9095 /* DateViewController.m */ = {isa = PBXFileReference; fileEncoding = 4; lastKnownFileType = sourcecode.c.objc; path = DateViewController.m; sourceTree = "<group>"; };
		EF05984F161A92C4004A9095 /* DateViewController.h */ = {isa = PBXFileReference; fileEncoding = 4; lastKnownFileType = sourcecode.c.h; path = DateViewController.h; sourceTree = "<group>"; };
		EF059851161A92E3004A9095 /* JobListTbViewController.h */ = {isa = PBXFileReference; fileEncoding = 4; lastKnownFileType = sourcecode.c.h; path = JobListTbViewController.h; sourceTree = "<group>"; };
		EF059852161A92E3004A9095 /* JobListTbViewController.m */ = {isa = PBXFileReference; fileEncoding = 4; lastKnownFileType = sourcecode.c.objc; path = JobListTbViewController.m; sourceTree = "<group>"; };
		EF059854161A9373004A9095 /* PremiumViewController.m */ = {isa = PBXFileReference; fileEncoding = 4; lastKnownFileType = sourcecode.c.objc; path = PremiumViewController.m; sourceTree = "<group>"; };
		EF059855161A9373004A9095 /* PremiumViewController.h */ = {isa = PBXFileReference; fileEncoding = 4; lastKnownFileType = sourcecode.c.h; path = PremiumViewController.h; sourceTree = "<group>"; };
		EF059857161A9406004A9095 /* RiderPTypeTbViewController.m */ = {isa = PBXFileReference; fileEncoding = 4; lastKnownFileType = sourcecode.c.objc; path = RiderPTypeTbViewController.m; sourceTree = "<group>"; };
		EF059858161A9406004A9095 /* RiderPTypeTbViewController.h */ = {isa = PBXFileReference; fileEncoding = 4; lastKnownFileType = sourcecode.c.h; path = RiderPTypeTbViewController.h; sourceTree = "<group>"; };
		EF05985A161A9428004A9095 /* RiderListTbViewController.m */ = {isa = PBXFileReference; fileEncoding = 4; lastKnownFileType = sourcecode.c.objc; path = RiderListTbViewController.m; sourceTree = "<group>"; };
		EF05985B161A9428004A9095 /* RiderListTbViewController.h */ = {isa = PBXFileReference; fileEncoding = 4; lastKnownFileType = sourcecode.c.h; path = RiderListTbViewController.h; sourceTree = "<group>"; };
		EF05985D161A943A004A9095 /* RiderFormTbViewController.m */ = {isa = PBXFileReference; fileEncoding = 4; lastKnownFileType = sourcecode.c.objc; path = RiderFormTbViewController.m; sourceTree = "<group>"; };
		EF05985E161A943A004A9095 /* RiderFormTbViewController.h */ = {isa = PBXFileReference; fileEncoding = 4; lastKnownFileType = sourcecode.c.h; path = RiderFormTbViewController.h; sourceTree = "<group>"; };
		EF28C317161BE224009585CC /* SIMenuViewController.h */ = {isa = PBXFileReference; fileEncoding = 4; lastKnownFileType = sourcecode.c.h; name = SIMenuViewController.h; path = ../SIMenuViewController.h; sourceTree = "<group>"; };
		EF28C318161BE224009585CC /* SIMenuViewController.m */ = {isa = PBXFileReference; fileEncoding = 4; lastKnownFileType = sourcecode.c.objc; name = SIMenuViewController.m; path = ../SIMenuViewController.m; sourceTree = "<group>"; };
		EF28C321161C11C2009585CC /* SIHandler.h */ = {isa = PBXFileReference; fileEncoding = 4; lastKnownFileType = sourcecode.c.h; name = SIHandler.h; path = ../SIHandler.h; sourceTree = "<group>"; };
		EF28C322161C11C2009585CC /* SIHandler.m */ = {isa = PBXFileReference; fileEncoding = 4; lastKnownFileType = sourcecode.c.objc; name = SIHandler.m; path = ../SIHandler.m; sourceTree = "<group>"; };
		EF33ACEE162D42B2006BB4C6 /* PlanList.h */ = {isa = PBXFileReference; fileEncoding = 4; lastKnownFileType = sourcecode.c.h; name = PlanList.h; path = ../PlanList.h; sourceTree = "<group>"; };
		EF33ACEF162D42B3006BB4C6 /* PlanList.m */ = {isa = PBXFileReference; fileEncoding = 4; lastKnownFileType = sourcecode.c.objc; name = PlanList.m; path = ../PlanList.m; sourceTree = "<group>"; };
		EFB9389C161C3CB800B97101 /* BasicPlanHandler.h */ = {isa = PBXFileReference; fileEncoding = 4; lastKnownFileType = sourcecode.c.h; name = BasicPlanHandler.h; path = ../BasicPlanHandler.h; sourceTree = "<group>"; };
		EFB9389D161C3CB800B97101 /* BasicPlanHandler.m */ = {isa = PBXFileReference; fileEncoding = 4; lastKnownFileType = sourcecode.c.objc; name = BasicPlanHandler.m; path = ../BasicPlanHandler.m; sourceTree = "<group>"; };
/* End PBXFileReference section */

/* Begin PBXFrameworksBuildPhase section */
		C4E9D18D1612C64900016053 /* Frameworks */ = {
			isa = PBXFrameworksBuildPhase;
			buildActionMask = 2147483647;
			files = (
				C486D9F7163E6F92009F8F21 /* libCordova.a in Frameworks */,
				C486D9E9163E6762009F8F21 /* CoreMedia.framework in Frameworks */,
				C486D9E7163E675C009F8F21 /* MobileCoreServices.framework in Frameworks */,
				C486D9E5163E6756009F8F21 /* SystemConfiguration.framework in Frameworks */,
				C4E9D1CC1612C9C300016053 /* QuartzCore.framework in Frameworks */,
				C486D9E3163E6747009F8F21 /* MediaPlayer.framework in Frameworks */,
				C486D9E1163E6741009F8F21 /* CoreLocation.framework in Frameworks */,
				C486D9DF163E6739009F8F21 /* AVFoundation.framework in Frameworks */,
				C486D9DD163E6732009F8F21 /* AudioToolbox.framework in Frameworks */,
				C486D9DA163E6728009F8F21 /* AddressBook.framework in Frameworks */,
				C486D9DB163E6728009F8F21 /* AddressBookUI.framework in Frameworks */,
				C4EB49211615556300C7FC8C /* libsqlite3.dylib in Frameworks */,
				C4E9D1951612C64900016053 /* UIKit.framework in Frameworks */,
				C4E9D1971612C64900016053 /* Foundation.framework in Frameworks */,
				C4E9D1991612C64900016053 /* CoreGraphics.framework in Frameworks */,
			);
			runOnlyForDeploymentPostprocessing = 0;
		};
/* End PBXFrameworksBuildPhase section */

/* Begin PBXGroup section */
		C4660EE71625995600BA4AFE /* iCarousel */ = {
			isa = PBXGroup;
			children = (
				C4660EE81625997D00BA4AFE /* iCarousel.h */,
				C4660EE91625997D00BA4AFE /* iCarousel.m */,
			);
			name = iCarousel;
			sourceTree = "<group>";
		};
		C486D9EC163E6988009F8F21 /* Products */ = {
			isa = PBXGroup;
			children = (
				C486D9F3163E6988009F8F21 /* libCordova.a */,
			);
			name = Products;
			sourceTree = "<group>";
		};
		C4E7B384161B10F200066CBF /* SI Listing */ = {
			isa = PBXGroup;
			children = (
				C4E7B386161B119E00066CBF /* SIListing.h */,
				C4E7B387161B119E00066CBF /* SIListing.m */,
			);
			name = "SI Listing";
			sourceTree = "<group>";
		};
		C4E9D1851612C64900016053 = {
			isa = PBXGroup;
			children = (
				C486D9F8163E7127009F8F21 /* www */,
				C486D9EB163E6988009F8F21 /* CordovaLib.xcodeproj */,
				C486D9E8163E6762009F8F21 /* CoreMedia.framework */,
				C486D9E6163E675C009F8F21 /* MobileCoreServices.framework */,
				C486D9E4163E6756009F8F21 /* SystemConfiguration.framework */,
				C486D9E2163E6747009F8F21 /* MediaPlayer.framework */,
				C486D9E0163E6741009F8F21 /* CoreLocation.framework */,
				C486D9DE163E6739009F8F21 /* AVFoundation.framework */,
				C486D9DC163E6732009F8F21 /* AudioToolbox.framework */,
				C486D9D8163E6728009F8F21 /* AddressBook.framework */,
				C486D9D9163E6728009F8F21 /* AddressBookUI.framework */,
				C4F8300E162FA9B600EF8FAA /* JTRevealSidebar */,
				C4660EE71625995600BA4AFE /* iCarousel */,
				C4F08D59161DA491008BCC1A /* ContactTypeClass.h */,
				C4F08D5A161DA491008BCC1A /* ContactTypeClass.m */,
				C4EB49201615556300C7FC8C /* libsqlite3.dylib */,
				C4EB491A161537B100C7FC8C /* Database */,
				C4E9D1CB1612C9C300016053 /* QuartzCore.framework */,
				C4E9D1BF1612C6A500016053 /* Images */,
				C4E9D1B11612C65000016053 /* FSVerticalTabBarController */,
				C4E9D19A1612C64900016053 /* HLA */,
				C4E9D1931612C64900016053 /* Frameworks */,
				C4E9D1911612C64900016053 /* Products */,
			);
			sourceTree = "<group>";
		};
		C4E9D1911612C64900016053 /* Products */ = {
			isa = PBXGroup;
			children = (
				C4E9D1901612C64900016053 /* HLA Ipad.app */,
			);
			name = Products;
			sourceTree = "<group>";
		};
		C4E9D1931612C64900016053 /* Frameworks */ = {
			isa = PBXGroup;
			children = (
				C4E9D1941612C64900016053 /* UIKit.framework */,
				C4E9D1961612C64900016053 /* Foundation.framework */,
				C4E9D1981612C64900016053 /* CoreGraphics.framework */,
			);
			name = Frameworks;
			sourceTree = "<group>";
		};
		C4E9D19A1612C64900016053 /* HLA */ = {
			isa = PBXGroup;
			children = (
				C4F8302B162FCECC00EF8FAA /* html */,
				C4F8300A162FA82C00EF8FAA /* Report */,
				C4E7B384161B10F200066CBF /* SI Listing */,
				C4EA9BDF16181F7F00D51FE9 /* Prospect */,
				C4EA9BCF1616DAFF00D51FE9 /* PopOver */,
				C4EB48EC16152E8800C7FC8C /* Login */,
				EF05983A161A8BDB004A9095 /* LA */,
				EF05984D161A9230004A9095 /* BasicPlan */,
				EF05984C161A9201004A9095 /* Rider */,
				C4E9D1A31612C64900016053 /* AppDelegate.h */,
				C4E9D1A41612C64900016053 /* AppDelegate.m */,
				C4E9D1A61612C64900016053 /* MainStoryboard.storyboard */,
				C4E9D1A91612C64900016053 /* ViewController.h */,
				C4E9D1AA1612C64900016053 /* ViewController.m */,
				C4E9D19B1612C64900016053 /* Supporting Files */,
				C4E9D1C81612C7D300016053 /* MainScreen.h */,
				C4E9D1C91612C7D300016053 /* MainScreen.m */,
				EF28C317161BE224009585CC /* SIMenuViewController.h */,
				EF28C318161BE224009585CC /* SIMenuViewController.m */,
				C4EA9C05161A76A700D51FE9 /* Logout.h */,
				C4EA9C06161A76A800D51FE9 /* Logout.m */,
				C4660E61161F118B00BA4AFE /* ColorHexCode.h */,
				C4660E62161F118B00BA4AFE /* ColorHexCode.m */,
				C4660EEB16259AD500BA4AFE /* CarouselViewController.h */,
				C4660EEC16259AD600BA4AFE /* CarouselViewController.m */,
				C4F83022162FAA8500EF8FAA /* DemoHtml.h */,
				C4F83023162FAA8600EF8FAA /* DemoHtml.m */,
			);
			path = HLA;
			sourceTree = "<group>";
		};
		C4E9D19B1612C64900016053 /* Supporting Files */ = {
			isa = PBXGroup;
			children = (
				C4E9D19C1612C64900016053 /* HLA Ipad-Info.plist */,
				C486D9D3163E6622009F8F21 /* Cordova.plist */,
				C4E9D19D1612C64900016053 /* InfoPlist.strings */,
				C4E9D1A01612C64900016053 /* main.m */,
				C4E9D1A21612C64900016053 /* HLA Ipad-Prefix.pch */,
			);
			name = "Supporting Files";
			sourceTree = "<group>";
		};
		C4E9D1B11612C65000016053 /* FSVerticalTabBarController */ = {
			isa = PBXGroup;
			children = (
				C4E9D1B21612C68200016053 /* FSVerticalTabBar.h */,
				C4E9D1B31612C68200016053 /* FSVerticalTabBar.m */,
				C4E9D1B41612C68200016053 /* FSVerticalTabBarButton.h */,
				C4E9D1B51612C68200016053 /* FSVerticalTabBarButton.m */,
				C4E9D1B61612C68200016053 /* FSVerticalTabBarController.h */,
				C4E9D1B71612C68200016053 /* FSVerticalTabBarController.m */,
				C4E9D1B81612C68200016053 /* selectionIndicatorImage.png */,
				C4E9D1B91612C68200016053 /* selectionIndicatorImage@2x.png */,
			);
			name = FSVerticalTabBarController;
			sourceTree = "<group>";
		};
		C4E9D1BF1612C6A500016053 /* Images */ = {
			isa = PBXGroup;
			children = (
				C4FCDDBC16395EFF0065D024 /* icon */,
				C4FCDDBB16395EDA0065D024 /* bg */,
				C4F83004162E503D00EF8FAA /* iconHLwithbackground.png */,
				C4F82FF51629700900EF8FAA /* IMG_0042.png */,
				C4F82FEB16296F6700EF8FAA /* IMG_0039.png */,
				C4F82FEC16296F6700EF8FAA /* IMG_0040.png */,
				C4F82FED16296F6700EF8FAA /* IMG_0041.png */,
				C4660EA11625047800BA4AFE /* delete_button.png */,
				C4660EA21625047800BA4AFE /* exit_btnB_144.png */,
				C4660EA31625047800BA4AFE /* exit_btnB.png */,
				C4660EA41625047800BA4AFE /* home_144.png */,
				C4660EA51625047800BA4AFE /* home_btn.png */,
				C4660EA61625047800BA4AFE /* prospect_100.png */,
				C4660EA71625047800BA4AFE /* prospect_btnB_144.png */,
				C4660EA81625047800BA4AFE /* prospect_btnB.png */,
				C4660EA91625047800BA4AFE /* prospect_btnB2_144.png */,
				C4660EAA1625047800BA4AFE /* prospect_btnB2.png */,
				C4660EAB1625047800BA4AFE /* prospect.png */,
				C4660EAC1625047800BA4AFE /* setting_btnB_144.png */,
				C4660EAD1625047800BA4AFE /* setting_btnB.png */,
				C4660EAE1625047800BA4AFE /* setting_btnB2_144.png */,
				C4660EAF1625047800BA4AFE /* setting_btnB2.png */,
				C4660EB01625047800BA4AFE /* SI_button_144.png */,
				C4660EB11625047800BA4AFE /* SI_button.png */,
				C4660EB21625047800BA4AFE /* SI_button2_144.png */,
				C4660EB31625047800BA4AFE /* SI_button2.png */,
				C4660EB41625047800BA4AFE /* SI_buttonB_144.png */,
				C4660EB51625047800BA4AFE /* SI_buttonB.png */,
				C4EB48F1161531B200C7FC8C /* Button */,
				C4E9D1C21612C78400016053 /* ios-linen.png */,
				C4E9D1C31612C78400016053 /* magnifying-glass.png */,
				C4E9D1C41612C78400016053 /* magnifying-glass@2x.png */,
			);
			name = Images;
			sourceTree = "<group>";
		};
		C4EA9BCF1616DAFF00D51FE9 /* PopOver */ = {
			isa = PBXGroup;
			children = (
				C4E7B389161B147800066CBF /* siListingSortBy.h */,
				C4E7B38A161B147800066CBF /* siListingSortBy.m */,
				C4EA9BD916171E5200D51FE9 /* RetreivePwdTbViewController.h */,
				C4EA9BDA16171E5200D51FE9 /* RetreivePwdTbViewController.m */,
				C4EA9BD01616DB7F00D51FE9 /* SecurityQuesTbViewController.h */,
				C4EA9BD11616DB7F00D51FE9 /* SecurityQuesTbViewController.m */,
				C4EA9BEB1619359D00D51FE9 /* OccupationList.h */,
				C4EA9BEC1619359D00D51FE9 /* OccupationList.m */,
				EF05984F161A92C4004A9095 /* DateViewController.h */,
				EF05984E161A92C4004A9095 /* DateViewController.m */,
				EF059851161A92E3004A9095 /* JobListTbViewController.h */,
				EF059852161A92E3004A9095 /* JobListTbViewController.m */,
				C4F08D5E161DBDBB008BCC1A /* SIDate.h */,
				C4F08D5F161DBDBB008BCC1A /* SIDate.m */,
				EF33ACEE162D42B2006BB4C6 /* PlanList.h */,
				EF33ACEF162D42B3006BB4C6 /* PlanList.m */,
			);
			name = PopOver;
			sourceTree = "<group>";
		};
		C4EA9BDF16181F7F00D51FE9 /* Prospect */ = {
			isa = PBXGroup;
			children = (
				C4EA9BE816181FFB00D51FE9 /* ProspectViewController.h */,
				C4EA9BE916181FFB00D51FE9 /* ProspectViewController.m */,
				C4EA9BEE1619404D00D51FE9 /* ProspectListing.h */,
				C4EA9BEF1619404D00D51FE9 /* ProspectListing.m */,
				C4EA9BF11619460500D51FE9 /* ProspectProfile.h */,
				C4EA9BF21619460500D51FE9 /* ProspectProfile.m */,
				C4EA9BF41619630E00D51FE9 /* EditProspect.h */,
				C4EA9BF51619630E00D51FE9 /* EditProspect.m */,
			);
			name = Prospect;
			sourceTree = "<group>";
		};
		C4EB48EC16152E8800C7FC8C /* Login */ = {
			isa = PBXGroup;
			children = (
				C4EB493A161592EB00C7FC8C /* UserProfile.h */,
				C4EB493B161592EB00C7FC8C /* UserProfile.m */,
				C4EB491D1615402800C7FC8C /* Login.h */,
				C4EB491E1615402800C7FC8C /* Login.m */,
				C4EB4922161558F300C7FC8C /* ChangePassword.h */,
				C4EB4923161558F300C7FC8C /* ChangePassword.m */,
				C4EB492516155A4A00C7FC8C /* setting.h */,
				C4EB492616155A4A00C7FC8C /* setting.m */,
				C4EA9BCB1616D7C600D51FE9 /* SecurityQuestion.h */,
				C4EA9BCC1616D7C700D51FE9 /* SecurityQuestion.m */,
				C4EA9BDC16171F4800D51FE9 /* ForgotPwd.h */,
				C4EA9BDD16171F4800D51FE9 /* ForgotPwd.m */,
				C4EA9BFA161989D000D51FE9 /* FirstTimeViewController.h */,
				C4EA9BFB161989D100D51FE9 /* FirstTimeViewController.m */,
			);
			name = Login;
			sourceTree = "<group>";
		};
		C4EB48F1161531B200C7FC8C /* Button */ = {
			isa = PBXGroup;
			children = (
				C4EB49061615327E00C7FC8C /* button_hover.png */,
				C4EB49071615327E00C7FC8C /* button.png */,
				C4EB49081615327E00C7FC8C /* header-repeted.png */,
				C4EB49091615327E00C7FC8C /* header.png */,
				C4EB490A1615327E00C7FC8C /* image.png */,
				C4EB490B1615327E00C7FC8C /* login.png */,
				C4EB490C1615327E00C7FC8C /* menu_hover.png */,
				C4EB490D1615327E00C7FC8C /* menu.png */,
				C4EB490E1615327E00C7FC8C /* protectGlobe.png */,
				C4EB490F1615327E00C7FC8C /* topbar.png */,
			);
			name = Button;
			sourceTree = "<group>";
		};
		C4EB491A161537B100C7FC8C /* Database */ = {
			isa = PBXGroup;
			children = (
				C4FCDDA1163792D50065D024 /* hladb.sqlite */,
			);
			name = Database;
			sourceTree = "<group>";
		};
		C4F8300A162FA82C00EF8FAA /* Report */ = {
			isa = PBXGroup;
			children = (
				C4F8300B162FA84D00EF8FAA /* ReportViewController.h */,
				C4F8300C162FA84D00EF8FAA /* ReportViewController.m */,
			);
			name = Report;
			sourceTree = "<group>";
		};
		C4F8300E162FA9B600EF8FAA /* JTRevealSidebar */ = {
			isa = PBXGroup;
			children = (
				C4F83028162FB7A500EF8FAA /* JTNavigationBar.h */,
				C4F83029162FB7A600EF8FAA /* JTNavigationBar.m */,
				C4F83011162FAA2400EF8FAA /* JTNavigationView.h */,
				C4F83012162FAA2400EF8FAA /* JTNavigationView.m */,
				C4F83013162FAA2400EF8FAA /* JTRevealSidebar-Prefix.pch */,
				C4F83014162FAA2400EF8FAA /* JTRevealSidebarView.h */,
				C4F83015162FAA2400EF8FAA /* JTRevealSidebarView.m */,
				C4F83016162FAA2400EF8FAA /* JTTableViewCellFactory.h */,
				C4F83017162FAA2400EF8FAA /* JTTableViewCellFactory.m */,
				C4F83018162FAA2400EF8FAA /* JTTableViewCellModal.h */,
				C4F83019162FAA2400EF8FAA /* JTTableViewCellModal.m */,
				C4F8301A162FAA2400EF8FAA /* JTTableViewDatasource.h */,
				C4F8301B162FAA2400EF8FAA /* JTTableViewDatasource.m */,
			);
			name = JTRevealSidebar;
			sourceTree = "<group>";
		};
		C4F8302B162FCECC00EF8FAA /* html */ = {
			isa = PBXGroup;
			children = (
				C4F8302C162FCEE000EF8FAA /* HLassurance.png */,
				C4F8302D162FCEE000EF8FAA /* Page1.html */,
				C4F8302E162FCEE000EF8FAA /* Page2.html */,
				C4F8302F162FCEE000EF8FAA /* Page3.html */,
				C4F83030162FCEE000EF8FAA /* style.css */,
			);
			name = html;
			sourceTree = "<group>";
		};
		C4FCDDBB16395EDA0065D024 /* bg */ = {
			isa = PBXGroup;
			children = (
				C4FCDDBD16395F120065D024 /* background12.png */,
				C4FCDDBE16395F120065D024 /* background13.png */,
				C4FCDDBF16395F120065D024 /* background14.png */,
				C4FCDDC016395F120065D024 /* background15.jpg */,
				C4FCDDC116395F120065D024 /* background16.jpg */,
				C4FCDDC216395F120065D024 /* background17.jpg */,
				C4FCDDC316395F120065D024 /* background19.png */,
				C4FCDDC416395F120065D024 /* background20.jpg */,
				C4FCDDC516395F120065D024 /* bg8.jpg */,
				C4FCDDC616395F120065D024 /* bg10.jpg */,
				C4FCDDC716395F120065D024 /* bg11.jpg */,
				C4FCDDC816395F120065D024 /* bg18.jpg */,
				C4FCDDC916395F120065D024 /* ipad_bg_4.jpg */,
			);
			name = bg;
			sourceTree = "<group>";
		};
		C4FCDDBC16395EFF0065D024 /* icon */ = {
			isa = PBXGroup;
			children = (
				C486D9CF163E5466009F8F21 /* btn_home.png */,
				C486D9D0163E5466009F8F21 /* btn_SIlisting_off.png */,
				C486D9BF163E5319009F8F21 /* btn_exit.png */,
				C486D9C1163E5319009F8F21 /* btn_newSI_off.png */,
				C486D9C2163E5319009F8F21 /* btn_newSI_on.png */,
				C486D9C3163E5319009F8F21 /* btn_prospect_off.png */,
				C486D9C4163E5319009F8F21 /* btn_prospect_on.png */,
				C486D9C6163E5319009F8F21 /* btn_SIlisting_on.png */,
				C4FCDDD716395F290065D024 /* btn_brochure_home.png */,
				C4FCDDDC16395F290065D024 /* btn_prospect_home.png */,
				C4FCDDDF16395F290065D024 /* btn_setting_home.png */,
				C4FCDDE016395F290065D024 /* btn_SI_home.png */,
			);
			name = icon;
			sourceTree = "<group>";
		};
		EF05983A161A8BDB004A9095 /* LA */ = {
			isa = PBXGroup;
			children = (
				EF059838161A8BD0004A9095 /* NewLAViewController.h */,
				EF059837161A8BCF004A9095 /* NewLAViewController.m */,
				EF059841161A901A004A9095 /* PayorViewController.h */,
				EF059840161A901A004A9095 /* PayorViewController.m */,
				EF059844161A9055004A9095 /* SecondLAViewController.h */,
				EF059843161A9055004A9095 /* SecondLAViewController.m */,
				EF05983E161A8C85004A9095 /* ListingTbViewController.h */,
				EF05983D161A8C85004A9095 /* ListingTbViewController.m */,
				EF28C321161C11C2009585CC /* SIHandler.h */,
				EF28C322161C11C2009585CC /* SIHandler.m */,
			);
			name = LA;
			sourceTree = "<group>";
		};
		EF05984C161A9201004A9095 /* Rider */ = {
			isa = PBXGroup;
			children = (
				EF05984A161A91EE004A9095 /* RiderViewController.h */,
				EF059849161A91EE004A9095 /* RiderViewController.m */,
				EF059858161A9406004A9095 /* RiderPTypeTbViewController.h */,
				EF059857161A9406004A9095 /* RiderPTypeTbViewController.m */,
				EF05985B161A9428004A9095 /* RiderListTbViewController.h */,
				EF05985A161A9428004A9095 /* RiderListTbViewController.m */,
				EF05985E161A943A004A9095 /* RiderFormTbViewController.h */,
				EF05985D161A943A004A9095 /* RiderFormTbViewController.m */,
			);
			name = Rider;
			sourceTree = "<group>";
		};
		EF05984D161A9230004A9095 /* BasicPlan */ = {
			isa = PBXGroup;
			children = (
				EF059847161A912A004A9095 /* BasicPlanViewController.h */,
				EF059846161A912A004A9095 /* BasicPlanViewController.m */,
				EF059855161A9373004A9095 /* PremiumViewController.h */,
				EF059854161A9373004A9095 /* PremiumViewController.m */,
				EFB9389C161C3CB800B97101 /* BasicPlanHandler.h */,
				EFB9389D161C3CB800B97101 /* BasicPlanHandler.m */,
			);
			name = BasicPlan;
			sourceTree = "<group>";
		};
/* End PBXGroup section */

/* Begin PBXNativeTarget section */
		C4E9D18F1612C64900016053 /* HLA Ipad */ = {
			isa = PBXNativeTarget;
			buildConfigurationList = C4E9D1AE1612C64900016053 /* Build configuration list for PBXNativeTarget "HLA Ipad" */;
			buildPhases = (
				C4E9D18C1612C64900016053 /* Sources */,
				C4E9D18D1612C64900016053 /* Frameworks */,
				C4E9D18E1612C64900016053 /* Resources */,
			);
			buildRules = (
			);
			dependencies = (
				C486D9F5163E699B009F8F21 /* PBXTargetDependency */,
			);
			name = "HLA Ipad";
			productName = HLA;
			productReference = C4E9D1901612C64900016053 /* HLA Ipad.app */;
			productType = "com.apple.product-type.application";
		};
/* End PBXNativeTarget section */

/* Begin PBXProject section */
		C4E9D1871612C64900016053 /* Project object */ = {
			isa = PBXProject;
			attributes = {
				LastUpgradeCheck = 0430;
				ORGANIZATIONNAME = "InfoConnect Sdn Bhd";
			};
			buildConfigurationList = C4E9D18A1612C64900016053 /* Build configuration list for PBXProject "HLA Ipad" */;
			compatibilityVersion = "Xcode 3.2";
			developmentRegion = English;
			hasScannedForEncodings = 0;
			knownRegions = (
				en,
			);
			mainGroup = C4E9D1851612C64900016053;
			productRefGroup = C4E9D1911612C64900016053 /* Products */;
			projectDirPath = "";
			projectReferences = (
				{
					ProductGroup = C486D9EC163E6988009F8F21 /* Products */;
					ProjectRef = C486D9EB163E6988009F8F21 /* CordovaLib.xcodeproj */;
				},
			);
			projectRoot = "";
			targets = (
				C4E9D18F1612C64900016053 /* HLA Ipad */,
			);
		};
/* End PBXProject section */

/* Begin PBXReferenceProxy section */
		C486D9F3163E6988009F8F21 /* libCordova.a */ = {
			isa = PBXReferenceProxy;
			fileType = archive.ar;
			path = libCordova.a;
			remoteRef = C486D9F2163E6988009F8F21 /* PBXContainerItemProxy */;
			sourceTree = BUILT_PRODUCTS_DIR;
		};
/* End PBXReferenceProxy section */

/* Begin PBXResourcesBuildPhase section */
		C4E9D18E1612C64900016053 /* Resources */ = {
			isa = PBXResourcesBuildPhase;
			buildActionMask = 2147483647;
			files = (
				C4E9D19F1612C64900016053 /* InfoPlist.strings in Resources */,
				C4E9D1A81612C64900016053 /* MainStoryboard.storyboard in Resources */,
				C4E9D1BD1612C68200016053 /* selectionIndicatorImage.png in Resources */,
				C4E9D1BE1612C68200016053 /* selectionIndicatorImage@2x.png in Resources */,
				C4E9D1C51612C78400016053 /* ios-linen.png in Resources */,
				C4E9D1C61612C78400016053 /* magnifying-glass.png in Resources */,
				C4E9D1C71612C78400016053 /* magnifying-glass@2x.png in Resources */,
				C4EB49101615327E00C7FC8C /* button_hover.png in Resources */,
				C4EB49111615327E00C7FC8C /* button.png in Resources */,
				C4EB49121615327E00C7FC8C /* header-repeted.png in Resources */,
				C4EB49131615327E00C7FC8C /* header.png in Resources */,
				C4EB49141615327E00C7FC8C /* image.png in Resources */,
				C4EB49151615327E00C7FC8C /* login.png in Resources */,
				C4EB49161615327E00C7FC8C /* menu_hover.png in Resources */,
				C4EB49171615327E00C7FC8C /* menu.png in Resources */,
				C4EB49181615327E00C7FC8C /* protectGlobe.png in Resources */,
				C4EB49191615327E00C7FC8C /* topbar.png in Resources */,
				C4660EB61625047800BA4AFE /* delete_button.png in Resources */,
				C4660EB71625047800BA4AFE /* exit_btnB_144.png in Resources */,
				C4660EB81625047800BA4AFE /* exit_btnB.png in Resources */,
				C4660EB91625047800BA4AFE /* home_144.png in Resources */,
				C4660EBA1625047800BA4AFE /* home_btn.png in Resources */,
				C4660EBB1625047800BA4AFE /* prospect_100.png in Resources */,
				C4660EBC1625047800BA4AFE /* prospect_btnB_144.png in Resources */,
				C4660EBD1625047800BA4AFE /* prospect_btnB.png in Resources */,
				C4660EBE1625047800BA4AFE /* prospect_btnB2_144.png in Resources */,
				C4660EBF1625047800BA4AFE /* prospect_btnB2.png in Resources */,
				C4660EC01625047800BA4AFE /* prospect.png in Resources */,
				C4660EC11625047800BA4AFE /* setting_btnB_144.png in Resources */,
				C4660EC21625047800BA4AFE /* setting_btnB.png in Resources */,
				C4660EC31625047800BA4AFE /* setting_btnB2_144.png in Resources */,
				C4660EC41625047800BA4AFE /* setting_btnB2.png in Resources */,
				C4660EC51625047800BA4AFE /* SI_button_144.png in Resources */,
				C4660EC61625047800BA4AFE /* SI_button.png in Resources */,
				C4660EC71625047800BA4AFE /* SI_button2_144.png in Resources */,
				C4660EC81625047800BA4AFE /* SI_button2.png in Resources */,
				C4660EC91625047800BA4AFE /* SI_buttonB_144.png in Resources */,
				C4660ECA1625047800BA4AFE /* SI_buttonB.png in Resources */,
				C4F82FEE16296F6700EF8FAA /* IMG_0039.png in Resources */,
				C4F82FEF16296F6700EF8FAA /* IMG_0040.png in Resources */,
				C4F82FF016296F6700EF8FAA /* IMG_0041.png in Resources */,
				C4F82FF61629700900EF8FAA /* IMG_0042.png in Resources */,
				C4F83005162E503D00EF8FAA /* iconHLwithbackground.png in Resources */,
				C4F83031162FCEE000EF8FAA /* HLassurance.png in Resources */,
				C4F83032162FCEE000EF8FAA /* Page1.html in Resources */,
				C4F83033162FCEE000EF8FAA /* Page2.html in Resources */,
				C4F83034162FCEE000EF8FAA /* Page3.html in Resources */,
				C4F83035162FCEE000EF8FAA /* style.css in Resources */,
				C4FCDDA2163792D50065D024 /* hladb.sqlite in Resources */,
				C4FCDDCA16395F120065D024 /* background12.png in Resources */,
				C4FCDDCB16395F120065D024 /* background13.png in Resources */,
				C4FCDDCC16395F120065D024 /* background14.png in Resources */,
				C4FCDDCD16395F120065D024 /* background15.jpg in Resources */,
				C4FCDDCE16395F120065D024 /* background16.jpg in Resources */,
				C4FCDDCF16395F120065D024 /* background17.jpg in Resources */,
				C4FCDDD016395F120065D024 /* background19.png in Resources */,
				C4FCDDD116395F120065D024 /* background20.jpg in Resources */,
				C4FCDDD216395F120065D024 /* bg8.jpg in Resources */,
				C4FCDDD316395F120065D024 /* bg10.jpg in Resources */,
				C4FCDDD416395F120065D024 /* bg11.jpg in Resources */,
				C4FCDDD516395F120065D024 /* bg18.jpg in Resources */,
				C4FCDDD616395F120065D024 /* ipad_bg_4.jpg in Resources */,
				C4FCDDE316395F290065D024 /* btn_brochure_home.png in Resources */,
				C4FCDDE816395F290065D024 /* btn_prospect_home.png in Resources */,
				C4FCDDEB16395F290065D024 /* btn_setting_home.png in Resources */,
				C4FCDDEC16395F290065D024 /* btn_SI_home.png in Resources */,
				C486D9C7163E5319009F8F21 /* btn_exit.png in Resources */,
				C486D9C9163E5319009F8F21 /* btn_newSI_off.png in Resources */,
				C486D9CA163E5319009F8F21 /* btn_newSI_on.png in Resources */,
				C486D9CB163E5319009F8F21 /* btn_prospect_off.png in Resources */,
				C486D9CC163E5319009F8F21 /* btn_prospect_on.png in Resources */,
				C486D9CE163E5319009F8F21 /* btn_SIlisting_on.png in Resources */,
				C486D9D1163E5466009F8F21 /* btn_home.png in Resources */,
				C486D9D2163E5466009F8F21 /* btn_SIlisting_off.png in Resources */,
				C486D9D4163E6622009F8F21 /* Cordova.plist in Resources */,
				C486D9F9163E7127009F8F21 /* www in Resources */,
			);
			runOnlyForDeploymentPostprocessing = 0;
		};
/* End PBXResourcesBuildPhase section */

/* Begin PBXSourcesBuildPhase section */
		C4E9D18C1612C64900016053 /* Sources */ = {
			isa = PBXSourcesBuildPhase;
			buildActionMask = 2147483647;
			files = (
				C4F08D5B161DA491008BCC1A /* ContactTypeClass.h in Sources */,
				C4F08D5C161DA491008BCC1A /* ContactTypeClass.m in Sources */,
				C4E9D1A11612C64900016053 /* main.m in Sources */,
				C4E9D1A51612C64900016053 /* AppDelegate.m in Sources */,
				C4E9D1AB1612C64900016053 /* ViewController.m in Sources */,
				C4E9D1BA1612C68200016053 /* FSVerticalTabBar.m in Sources */,
				C4E9D1BB1612C68200016053 /* FSVerticalTabBarButton.m in Sources */,
				C4E9D1BC1612C68200016053 /* FSVerticalTabBarController.m in Sources */,
				C4E9D1CA1612C7D300016053 /* MainScreen.m in Sources */,
				C4EB491F1615402800C7FC8C /* Login.m in Sources */,
				C4EB4924161558F300C7FC8C /* ChangePassword.m in Sources */,
				C4EB492716155A4A00C7FC8C /* setting.m in Sources */,
				C4EB493C161592EC00C7FC8C /* UserProfile.m in Sources */,
				C4EA9BCD1616D7C700D51FE9 /* SecurityQuestion.m in Sources */,
				C4EA9BD21616DB7F00D51FE9 /* SecurityQuesTbViewController.m in Sources */,
				C4EA9BDB16171E5200D51FE9 /* RetreivePwdTbViewController.m in Sources */,
				C4EA9BDE16171F4800D51FE9 /* ForgotPwd.m in Sources */,
				C4EA9BEA16181FFB00D51FE9 /* ProspectViewController.m in Sources */,
				C4EA9BED1619359D00D51FE9 /* OccupationList.m in Sources */,
				C4EA9BF01619404D00D51FE9 /* ProspectListing.m in Sources */,
				C4EA9BF31619460500D51FE9 /* ProspectProfile.m in Sources */,
				C4EA9BF61619630F00D51FE9 /* EditProspect.m in Sources */,
				C4EA9BFC161989D200D51FE9 /* FirstTimeViewController.m in Sources */,
				C4EA9C07161A76A900D51FE9 /* Logout.m in Sources */,
				EF059839161A8BD1004A9095 /* NewLAViewController.m in Sources */,
				EF05983F161A8C85004A9095 /* ListingTbViewController.m in Sources */,
				EF059842161A901A004A9095 /* PayorViewController.m in Sources */,
				EF059845161A9055004A9095 /* SecondLAViewController.m in Sources */,
				EF059848161A912A004A9095 /* BasicPlanViewController.m in Sources */,
				EF05984B161A91EF004A9095 /* RiderViewController.m in Sources */,
				EF059850161A92C4004A9095 /* DateViewController.m in Sources */,
				EF059853161A92E3004A9095 /* JobListTbViewController.m in Sources */,
				EF059856161A9373004A9095 /* PremiumViewController.m in Sources */,
				EF059859161A9406004A9095 /* RiderPTypeTbViewController.m in Sources */,
				EF05985C161A9428004A9095 /* RiderListTbViewController.m in Sources */,
				EF05985F161A943A004A9095 /* RiderFormTbViewController.m in Sources */,
				C4E7B388161B119E00066CBF /* SIListing.m in Sources */,
				C4E7B38B161B147800066CBF /* siListingSortBy.m in Sources */,
				EF28C319161BE224009585CC /* SIMenuViewController.m in Sources */,
				EF28C323161C11C2009585CC /* SIHandler.m in Sources */,
				EFB9389E161C3CB800B97101 /* BasicPlanHandler.m in Sources */,
				C4F08D60161DBDBB008BCC1A /* SIDate.m in Sources */,
				C4660E63161F118B00BA4AFE /* ColorHexCode.m in Sources */,
				C4660EEA1625997D00BA4AFE /* iCarousel.m in Sources */,
				C4660EED16259AD700BA4AFE /* CarouselViewController.m in Sources */,
				EF33ACF0162D42B3006BB4C6 /* PlanList.m in Sources */,
				C4F8300D162FA84D00EF8FAA /* ReportViewController.m in Sources */,
				C4F8301D162FAA2400EF8FAA /* JTNavigationView.m in Sources */,
				C4F8301E162FAA2400EF8FAA /* JTRevealSidebarView.m in Sources */,
				C4F8301F162FAA2400EF8FAA /* JTTableViewCellFactory.m in Sources */,
				C4F83020162FAA2400EF8FAA /* JTTableViewCellModal.m in Sources */,
				C4F83021162FAA2400EF8FAA /* JTTableViewDatasource.m in Sources */,
				C4F83024162FAA8700EF8FAA /* DemoHtml.m in Sources */,
				C4F8302A162FB7A600EF8FAA /* JTNavigationBar.m in Sources */,
			);
			runOnlyForDeploymentPostprocessing = 0;
		};
/* End PBXSourcesBuildPhase section */

/* Begin PBXTargetDependency section */
		C486D9F5163E699B009F8F21 /* PBXTargetDependency */ = {
			isa = PBXTargetDependency;
			name = CordovaLib;
			targetProxy = C486D9F4163E699B009F8F21 /* PBXContainerItemProxy */;
		};
/* End PBXTargetDependency section */

/* Begin PBXVariantGroup section */
		C4E9D19D1612C64900016053 /* InfoPlist.strings */ = {
			isa = PBXVariantGroup;
			children = (
				C4E9D19E1612C64900016053 /* en */,
			);
			name = InfoPlist.strings;
			sourceTree = "<group>";
		};
		C4E9D1A61612C64900016053 /* MainStoryboard.storyboard */ = {
			isa = PBXVariantGroup;
			children = (
				C4E9D1A71612C64900016053 /* en */,
			);
			name = MainStoryboard.storyboard;
			sourceTree = "<group>";
		};
/* End PBXVariantGroup section */

/* Begin XCBuildConfiguration section */
		C4E9D1AC1612C64900016053 /* Debug */ = {
			isa = XCBuildConfiguration;
			buildSettings = {
				ALWAYS_SEARCH_USER_PATHS = NO;
				ARCHS = "$(ARCHS_STANDARD_32_BIT)";
				CLANG_ENABLE_OBJC_ARC = YES;
				"CODE_SIGN_IDENTITY[sdk=iphoneos*]" = "iPhone Developer";
				COPY_PHASE_STRIP = NO;
				GCC_C_LANGUAGE_STANDARD = gnu99;
				GCC_DYNAMIC_NO_PIC = NO;
				GCC_OPTIMIZATION_LEVEL = 0;
				GCC_PREPROCESSOR_DEFINITIONS = (
					"DEBUG=1",
					"$(inherited)",
				);
				GCC_SYMBOLS_PRIVATE_EXTERN = NO;
				GCC_VERSION = com.apple.compilers.llvm.clang.1_0;
				GCC_WARN_ABOUT_RETURN_TYPE = YES;
				GCC_WARN_UNINITIALIZED_AUTOS = YES;
				GCC_WARN_UNUSED_VARIABLE = YES;
				HEADER_SEARCH_PATHS = (
					"$(TARGET_BUILD_DIR)/usr/local/lib/include",
					"$(OBJROOT)/UninstalledProducts/include",
					"$(BUILT_PRODUCTS_DIR)",
				);
				IPHONEOS_DEPLOYMENT_TARGET = 5.1;
				SDKROOT = iphoneos;
				TARGETED_DEVICE_FAMILY = 2;
			};
			name = Debug;
		};
		C4E9D1AD1612C64900016053 /* Release */ = {
			isa = XCBuildConfiguration;
			buildSettings = {
				ALWAYS_SEARCH_USER_PATHS = NO;
				ARCHS = "$(ARCHS_STANDARD_32_BIT)";
				CLANG_ENABLE_OBJC_ARC = YES;
				"CODE_SIGN_IDENTITY[sdk=iphoneos*]" = "iPhone Developer";
				COPY_PHASE_STRIP = YES;
				GCC_C_LANGUAGE_STANDARD = gnu99;
				GCC_VERSION = com.apple.compilers.llvm.clang.1_0;
				GCC_WARN_ABOUT_RETURN_TYPE = YES;
				GCC_WARN_UNINITIALIZED_AUTOS = YES;
				GCC_WARN_UNUSED_VARIABLE = YES;
				HEADER_SEARCH_PATHS = (
					"$(TARGET_BUILD_DIR)/usr/local/lib/include",
					"$(OBJROOT)/UninstalledProducts/include",
					"$(BUILT_PRODUCTS_DIR)",
				);
				IPHONEOS_DEPLOYMENT_TARGET = 5.1;
				OTHER_CFLAGS = "-DNS_BLOCK_ASSERTIONS=1";
				SDKROOT = iphoneos;
				TARGETED_DEVICE_FAMILY = 2;
				VALIDATE_PRODUCT = YES;
			};
			name = Release;
		};
		C4E9D1AF1612C64900016053 /* Debug */ = {
			isa = XCBuildConfiguration;
			buildSettings = {
				GCC_PRECOMPILE_PREFIX_HEADER = YES;
				GCC_PREFIX_HEADER = "HLA/HLA Ipad-Prefix.pch";
				INFOPLIST_FILE = "HLA/HLA Ipad-Info.plist";
				LIBRARY_SEARCH_PATHS = (
					"$(inherited)",
					"\"$(SRCROOT)\"",
					"\"$(SRCROOT)/../../Desktop\"",
				);
				OTHER_LDFLAGS = (
					"-all_load",
					"-Obj-C",
				);
				PRODUCT_NAME = "HLA Ipad";
				VALID_ARCHS = "armv7 armv6";
				WRAPPER_EXTENSION = app;
			};
			name = Debug;
		};
		C4E9D1B01612C64900016053 /* Release */ = {
			isa = XCBuildConfiguration;
			buildSettings = {
				GCC_PRECOMPILE_PREFIX_HEADER = YES;
				GCC_PREFIX_HEADER = "HLA/HLA Ipad-Prefix.pch";
				INFOPLIST_FILE = "HLA/HLA Ipad-Info.plist";
				LIBRARY_SEARCH_PATHS = (
					"$(inherited)",
					"\"$(SRCROOT)\"",
					"\"$(SRCROOT)/../../Desktop\"",
				);
				OTHER_LDFLAGS = (
					"-all_load",
					"-Obj-C",
				);
				PRODUCT_NAME = "HLA Ipad";
				VALID_ARCHS = "armv7 armv6";
				WRAPPER_EXTENSION = app;
			};
			name = Release;
		};
/* End XCBuildConfiguration section */

/* Begin XCConfigurationList section */
		C4E9D18A1612C64900016053 /* Build configuration list for PBXProject "HLA Ipad" */ = {
			isa = XCConfigurationList;
			buildConfigurations = (
				C4E9D1AC1612C64900016053 /* Debug */,
				C4E9D1AD1612C64900016053 /* Release */,
			);
			defaultConfigurationIsVisible = 0;
			defaultConfigurationName = Release;
		};
		C4E9D1AE1612C64900016053 /* Build configuration list for PBXNativeTarget "HLA Ipad" */ = {
			isa = XCConfigurationList;
			buildConfigurations = (
				C4E9D1AF1612C64900016053 /* Debug */,
				C4E9D1B01612C64900016053 /* Release */,
			);
			defaultConfigurationIsVisible = 0;
			defaultConfigurationName = Release;
		};
/* End XCConfigurationList section */
	};
	rootObject = C4E9D1871612C64900016053 /* Project object */;
}
